PODS:
  - Realm (3.3.0):
    - Realm/Headers (= 3.3.0)
  - Realm/Headers (3.3.0)
  - RealmSwift (3.3.0):
    - Realm (= 3.3.0)

DEPENDENCIES:
  - RealmSwift (= 3.3.0)

SPEC CHECKSUMS:
  Realm: 7d74ad6c5020432f58fe5e1df90bb6d97b2c7fef
  RealmSwift: b2fa31a09c22e246026766557405505eeaad2b01

PODFILE CHECKSUM: bd6029c931ebcdd0d8b08ae6c670f9b5666a740a

COCOAPODS: 1.4.0
