// !$*UTF8*$!
{
	archiveVersion = 1;
	classes = {
	};
	objectVersion = 50;
	objects = {

/* Begin PBXBuildFile section */
		EFCCDD6F2147D16E00CF379D /* AppDelegate.swift in Sources */ = {isa = PBXBuildFile; fileRef = EFCCDD6E2147D16E00CF379D /* AppDelegate.swift */; };
		EFCCDD732147D16E00CF379D /* GameViewController.swift in Sources */ = {isa = PBXBuildFile; fileRef = EFCCDD722147D16E00CF379D /* GameViewController.swift */; };
		EFCCDD762147D16E00CF379D /* Main.storyboard in Resources */ = {isa = PBXBuildFile; fileRef = EFCCDD742147D16E00CF379D /* Main.storyboard */; };
		EFCCDD782147D17000CF379D /* Assets.xcassets in Resources */ = {isa = PBXBuildFile; fileRef = EFCCDD772147D17000CF379D /* Assets.xcassets */; };
		EFCCDD7B2147D17000CF379D /* LaunchScreen.storyboard in Resources */ = {isa = PBXBuildFile; fileRef = EFCCDD792147D17000CF379D /* LaunchScreen.storyboard */; };
		EFCCDD832147D2C200CF379D /* GeometryFighter.scnassets in Resources */ = {isa = PBXBuildFile; fileRef = EFCCDD822147D2C200CF379D /* GeometryFighter.scnassets */; };
		EFCCDD8521482FD500CF379D /* ShapeType.swift in Sources */ = {isa = PBXBuildFile; fileRef = EFCCDD8421482FD500CF379D /* ShapeType.swift */; };
		EFCCDD8E2149910600CF379D /* Int+Extensions.swift in Sources */ = {isa = PBXBuildFile; fileRef = EFCCDD872149910600CF379D /* Int+Extensions.swift */; };
		EFCCDD8F2149910600CF379D /* UIColor+Extensions.swift in Sources */ = {isa = PBXBuildFile; fileRef = EFCCDD882149910600CF379D /* UIColor+Extensions.swift */; };
		EFCCDD902149910600CF379D /* GameHelper.swift in Sources */ = {isa = PBXBuildFile; fileRef = EFCCDD892149910600CF379D /* GameHelper.swift */; };
		EFCCDD912149910600CF379D /* SCNAction+Extensions.swift in Sources */ = {isa = PBXBuildFile; fileRef = EFCCDD8A2149910600CF379D /* SCNAction+Extensions.swift */; };
		EFCCDD922149910600CF379D /* Generics.swift in Sources */ = {isa = PBXBuildFile; fileRef = EFCCDD8B2149910600CF379D /* Generics.swift */; };
		EFCCDD932149910600CF379D /* Float+Extensions.swift in Sources */ = {isa = PBXBuildFile; fileRef = EFCCDD8C2149910600CF379D /* Float+Extensions.swift */; };
		EFCCDD942149910600CF379D /* Double+Extensions.swift in Sources */ = {isa = PBXBuildFile; fileRef = EFCCDD8D2149910600CF379D /* Double+Extensions.swift */; };
/* End PBXBuildFile section */

/* Begin PBXFileReference section */
		EFCCDD6B2147D16E00CF379D /* GeometryFighter.app */ = {isa = PBXFileReference; explicitFileType = wrapper.application; includeInIndex = 0; path = GeometryFighter.app; sourceTree = BUILT_PRODUCTS_DIR; };
		EFCCDD6E2147D16E00CF379D /* AppDelegate.swift */ = {isa = PBXFileReference; lastKnownFileType = sourcecode.swift; path = AppDelegate.swift; sourceTree = "<group>"; };
		EFCCDD722147D16E00CF379D /* GameViewController.swift */ = {isa = PBXFileReference; lastKnownFileType = sourcecode.swift; path = GameViewController.swift; sourceTree = "<group>"; };
		EFCCDD752147D16E00CF379D /* Base */ = {isa = PBXFileReference; lastKnownFileType = file.storyboard; name = Base; path = Base.lproj/Main.storyboard; sourceTree = "<group>"; };
		EFCCDD772147D17000CF379D /* Assets.xcassets */ = {isa = PBXFileReference; lastKnownFileType = folder.assetcatalog; path = Assets.xcassets; sourceTree = "<group>"; };
		EFCCDD7A2147D17000CF379D /* Base */ = {isa = PBXFileReference; lastKnownFileType = file.storyboard; name = Base; path = Base.lproj/LaunchScreen.storyboard; sourceTree = "<group>"; };
		EFCCDD7C2147D17000CF379D /* Info.plist */ = {isa = PBXFileReference; lastKnownFileType = text.plist.xml; path = Info.plist; sourceTree = "<group>"; };
		EFCCDD822147D2C200CF379D /* GeometryFighter.scnassets */ = {isa = PBXFileReference; lastKnownFileType = wrapper.scnassets; path = GeometryFighter.scnassets; sourceTree = "<group>"; };
		EFCCDD8421482FD500CF379D /* ShapeType.swift */ = {isa = PBXFileReference; lastKnownFileType = sourcecode.swift; path = ShapeType.swift; sourceTree = "<group>"; };
		EFCCDD872149910600CF379D /* Int+Extensions.swift */ = {isa = PBXFileReference; fileEncoding = 4; lastKnownFileType = sourcecode.swift; path = "Int+Extensions.swift"; sourceTree = "<group>"; };
		EFCCDD882149910600CF379D /* UIColor+Extensions.swift */ = {isa = PBXFileReference; fileEncoding = 4; lastKnownFileType = sourcecode.swift; path = "UIColor+Extensions.swift"; sourceTree = "<group>"; };
		EFCCDD892149910600CF379D /* GameHelper.swift */ = {isa = PBXFileReference; fileEncoding = 4; lastKnownFileType = sourcecode.swift; path = GameHelper.swift; sourceTree = "<group>"; };
		EFCCDD8A2149910600CF379D /* SCNAction+Extensions.swift */ = {isa = PBXFileReference; fileEncoding = 4; lastKnownFileType = sourcecode.swift; path = "SCNAction+Extensions.swift"; sourceTree = "<group>"; };
		EFCCDD8B2149910600CF379D /* Generics.swift */ = {isa = PBXFileReference; fileEncoding = 4; lastKnownFileType = sourcecode.swift; path = Generics.swift; sourceTree = "<group>"; };
		EFCCDD8C2149910600CF379D /* Float+Extensions.swift */ = {isa = PBXFileReference; fileEncoding = 4; lastKnownFileType = sourcecode.swift; path = "Float+Extensions.swift"; sourceTree = "<group>"; };
		EFCCDD8D2149910600CF379D /* Double+Extensions.swift */ = {isa = PBXFileReference; fileEncoding = 4; lastKnownFileType = sourcecode.swift; path = "Double+Extensions.swift"; sourceTree = "<group>"; };
/* End PBXFileReference section */

/* Begin PBXFrameworksBuildPhase section */
		EFCCDD682147D16E00CF379D /* Frameworks */ = {
			isa = PBXFrameworksBuildPhase;
			buildActionMask = 2147483647;
			files = (
			);
			runOnlyForDeploymentPostprocessing = 0;
		};
/* End PBXFrameworksBuildPhase section */

/* Begin PBXGroup section */
		EFCCDD622147D16E00CF379D = {
			isa = PBXGroup;
			children = (
				EFCCDD6D2147D16E00CF379D /* GeometryFighter */,
				EFCCDD6C2147D16E00CF379D /* Products */,
			);
			sourceTree = "<group>";
		};
		EFCCDD6C2147D16E00CF379D /* Products */ = {
			isa = PBXGroup;
			children = (
				EFCCDD6B2147D16E00CF379D /* GeometryFighter.app */,
			);
			name = Products;
			sourceTree = "<group>";
		};
		EFCCDD6D2147D16E00CF379D /* GeometryFighter */ = {
			isa = PBXGroup;
			children = (
				EFCCDD862149910600CF379D /* GameUtils */,
				EFCCDD6E2147D16E00CF379D /* AppDelegate.swift */,
				EFCCDD722147D16E00CF379D /* GameViewController.swift */,
				EFCCDD8421482FD500CF379D /* ShapeType.swift */,
				EFCCDD742147D16E00CF379D /* Main.storyboard */,
				EFCCDD822147D2C200CF379D /* GeometryFighter.scnassets */,
				EFCCDD772147D17000CF379D /* Assets.xcassets */,
				EFCCDD792147D17000CF379D /* LaunchScreen.storyboard */,
				EFCCDD7C2147D17000CF379D /* Info.plist */,
			);
			path = GeometryFighter;
			sourceTree = "<group>";
		};
		EFCCDD862149910600CF379D /* GameUtils */ = {
			isa = PBXGroup;
			children = (
				EFCCDD872149910600CF379D /* Int+Extensions.swift */,
				EFCCDD882149910600CF379D /* UIColor+Extensions.swift */,
				EFCCDD892149910600CF379D /* GameHelper.swift */,
				EFCCDD8A2149910600CF379D /* SCNAction+Extensions.swift */,
				EFCCDD8B2149910600CF379D /* Generics.swift */,
				EFCCDD8C2149910600CF379D /* Float+Extensions.swift */,
				EFCCDD8D2149910600CF379D /* Double+Extensions.swift */,
			);
			path = GameUtils;
			sourceTree = "<group>";
		};
/* End PBXGroup section */

/* Begin PBXNativeTarget section */
		EFCCDD6A2147D16E00CF379D /* GeometryFighter */ = {
			isa = PBXNativeTarget;
			buildConfigurationList = EFCCDD7F2147D17000CF379D /* Build configuration list for PBXNativeTarget "GeometryFighter" */;
			buildPhases = (
				EFCCDD672147D16E00CF379D /* Sources */,
				EFCCDD682147D16E00CF379D /* Frameworks */,
				EFCCDD692147D16E00CF379D /* Resources */,
			);
			buildRules = (
			);
			dependencies = (
			);
			name = GeometryFighter;
			productName = GeometryFighter;
			productReference = EFCCDD6B2147D16E00CF379D /* GeometryFighter.app */;
			productType = "com.apple.product-type.application";
		};
/* End PBXNativeTarget section */

/* Begin PBXProject section */
		EFCCDD632147D16E00CF379D /* Project object */ = {
			isa = PBXProject;
			attributes = {
				LastSwiftUpdateCheck = 1000;
				LastUpgradeCheck = 1000;
				ORGANIZATIONNAME = "근성가이";
				TargetAttributes = {
					EFCCDD6A2147D16E00CF379D = {
						CreatedOnToolsVersion = 10.0;
					};
				};
			};
			buildConfigurationList = EFCCDD662147D16E00CF379D /* Build configuration list for PBXProject "GeometryFighter" */;
			compatibilityVersion = "Xcode 9.3";
			developmentRegion = en;
			hasScannedForEncodings = 0;
			knownRegions = (
				en,
				Base,
			);
			mainGroup = EFCCDD622147D16E00CF379D;
			productRefGroup = EFCCDD6C2147D16E00CF379D /* Products */;
			projectDirPath = "";
			projectRoot = "";
			targets = (
				EFCCDD6A2147D16E00CF379D /* GeometryFighter */,
			);
		};
/* End PBXProject section */

/* Begin PBXResourcesBuildPhase section */
		EFCCDD692147D16E00CF379D /* Resources */ = {
			isa = PBXResourcesBuildPhase;
			buildActionMask = 2147483647;
			files = (
				EFCCDD7B2147D17000CF379D /* LaunchScreen.storyboard in Resources */,
				EFCCDD782147D17000CF379D /* Assets.xcassets in Resources */,
				EFCCDD762147D16E00CF379D /* Main.storyboard in Resources */,
				EFCCDD832147D2C200CF379D /* GeometryFighter.scnassets in Resources */,
			);
			runOnlyForDeploymentPostprocessing = 0;
		};
/* End PBXResourcesBuildPhase section */

/* Begin PBXSourcesBuildPhase section */
		EFCCDD672147D16E00CF379D /* Sources */ = {
			isa = PBXSourcesBuildPhase;
			buildActionMask = 2147483647;
			files = (
				EFCCDD732147D16E00CF379D /* GameViewController.swift in Sources */,
				EFCCDD922149910600CF379D /* Generics.swift in Sources */,
				EFCCDD8F2149910600CF379D /* UIColor+Extensions.swift in Sources */,
				EFCCDD8E2149910600CF379D /* Int+Extensions.swift in Sources */,
				EFCCDD942149910600CF379D /* Double+Extensions.swift in Sources */,
				EFCCDD8521482FD500CF379D /* ShapeType.swift in Sources */,
				EFCCDD912149910600CF379D /* SCNAction+Extensions.swift in Sources */,
				EFCCDD6F2147D16E00CF379D /* AppDelegate.swift in Sources */,
				EFCCDD932149910600CF379D /* Float+Extensions.swift in Sources */,
				EFCCDD902149910600CF379D /* GameHelper.swift in Sources */,
			);
			runOnlyForDeploymentPostprocessing = 0;
		};
/* End PBXSourcesBuildPhase section */

/* Begin PBXVariantGroup section */
		EFCCDD742147D16E00CF379D /* Main.storyboard */ = {
			isa = PBXVariantGroup;
			children = (
				EFCCDD752147D16E00CF379D /* Base */,
			);
			name = Main.storyboard;
			sourceTree = "<group>";
		};
		EFCCDD792147D17000CF379D /* LaunchScreen.storyboard */ = {
			isa = PBXVariantGroup;
			children = (
				EFCCDD7A2147D17000CF379D /* Base */,
			);
			name = LaunchScreen.storyboard;
			sourceTree = "<group>";
		};
/* End PBXVariantGroup section */

/* Begin XCBuildConfiguration section */
		EFCCDD7D2147D17000CF379D /* Debug */ = {
			isa = XCBuildConfiguration;
			buildSettings = {
				ALWAYS_SEARCH_USER_PATHS = NO;
				CLANG_ANALYZER_NONNULL = YES;
				CLANG_ANALYZER_NUMBER_OBJECT_CONVERSION = YES_AGGRESSIVE;
				CLANG_CXX_LANGUAGE_STANDARD = "gnu++14";
				CLANG_CXX_LIBRARY = "libc++";
				CLANG_ENABLE_MODULES = YES;
				CLANG_ENABLE_OBJC_ARC = YES;
				CLANG_ENABLE_OBJC_WEAK = YES;
				CLANG_WARN_BLOCK_CAPTURE_AUTORELEASING = YES;
				CLANG_WARN_BOOL_CONVERSION = YES;
				CLANG_WARN_COMMA = YES;
				CLANG_WARN_CONSTANT_CONVERSION = YES;
				CLANG_WARN_DEPRECATED_OBJC_IMPLEMENTATIONS = YES;
				CLANG_WARN_DIRECT_OBJC_ISA_USAGE = YES_ERROR;
				CLANG_WARN_DOCUMENTATION_COMMENTS = YES;
				CLANG_WARN_EMPTY_BODY = YES;
				CLANG_WARN_ENUM_CONVERSION = YES;
				CLANG_WARN_INFINITE_RECURSION = YES;
				CLANG_WARN_INT_CONVERSION = YES;
				CLANG_WARN_NON_LITERAL_NULL_CONVERSION = YES;
				CLANG_WARN_OBJC_IMPLICIT_RETAIN_SELF = YES;
				CLANG_WARN_OBJC_LITERAL_CONVERSION = YES;
				CLANG_WARN_OBJC_ROOT_CLASS = YES_ERROR;
				CLANG_WARN_RANGE_LOOP_ANALYSIS = YES;
				CLANG_WARN_STRICT_PROTOTYPES = YES;
				CLANG_WARN_SUSPICIOUS_MOVE = YES;
				CLANG_WARN_UNGUARDED_AVAILABILITY = YES_AGGRESSIVE;
				CLANG_WARN_UNREACHABLE_CODE = YES;
				CLANG_WARN__DUPLICATE_METHOD_MATCH = YES;
				CODE_SIGN_IDENTITY = "iPhone Developer";
				COPY_PHASE_STRIP = NO;
				DEBUG_INFORMATION_FORMAT = dwarf;
				ENABLE_STRICT_OBJC_MSGSEND = YES;
				ENABLE_TESTABILITY = YES;
				GCC_C_LANGUAGE_STANDARD = gnu11;
				GCC_DYNAMIC_NO_PIC = NO;
				GCC_NO_COMMON_BLOCKS = YES;
				GCC_OPTIMIZATION_LEVEL = 0;
				GCC_PREPROCESSOR_DEFINITIONS = (
					"DEBUG=1",
					"$(inherited)",
				);
				GCC_WARN_64_TO_32_BIT_CONVERSION = YES;
				GCC_WARN_ABOUT_RETURN_TYPE = YES_ERROR;
				GCC_WARN_UNDECLARED_SELECTOR = YES;
				GCC_WARN_UNINITIALIZED_AUTOS = YES_AGGRESSIVE;
				GCC_WARN_UNUSED_FUNCTION = YES;
				GCC_WARN_UNUSED_VARIABLE = YES;
				IPHONEOS_DEPLOYMENT_TARGET = 12.0;
				MTL_ENABLE_DEBUG_INFO = INCLUDE_SOURCE;
				MTL_FAST_MATH = YES;
				ONLY_ACTIVE_ARCH = YES;
				SDKROOT = iphoneos;
				SWIFT_ACTIVE_COMPILATION_CONDITIONS = DEBUG;
				SWIFT_OPTIMIZATION_LEVEL = "-Onone";
			};
			name = Debug;
		};
		EFCCDD7E2147D17000CF379D /* Release */ = {
			isa = XCBuildConfiguration;
			buildSettings = {
				ALWAYS_SEARCH_USER_PATHS = NO;
				CLANG_ANALYZER_NONNULL = YES;
				CLANG_ANALYZER_NUMBER_OBJECT_CONVERSION = YES_AGGRESSIVE;
				CLANG_CXX_LANGUAGE_STANDARD = "gnu++14";
				CLANG_CXX_LIBRARY = "libc++";
				CLANG_ENABLE_MODULES = YES;
				CLANG_ENABLE_OBJC_ARC = YES;
				CLANG_ENABLE_OBJC_WEAK = YES;
				CLANG_WARN_BLOCK_CAPTURE_AUTORELEASING = YES;
				CLANG_WARN_BOOL_CONVERSION = YES;
				CLANG_WARN_COMMA = YES;
				CLANG_WARN_CONSTANT_CONVERSION = YES;
				CLANG_WARN_DEPRECATED_OBJC_IMPLEMENTATIONS = YES;
				CLANG_WARN_DIRECT_OBJC_ISA_USAGE = YES_ERROR;
				CLANG_WARN_DOCUMENTATION_COMMENTS = YES;
				CLANG_WARN_EMPTY_BODY = YES;
				CLANG_WARN_ENUM_CONVERSION = YES;
				CLANG_WARN_INFINITE_RECURSION = YES;
				CLANG_WARN_INT_CONVERSION = YES;
				CLANG_WARN_NON_LITERAL_NULL_CONVERSION = YES;
				CLANG_WARN_OBJC_IMPLICIT_RETAIN_SELF = YES;
				CLANG_WARN_OBJC_LITERAL_CONVERSION = YES;
				CLANG_WARN_OBJC_ROOT_CLASS = YES_ERROR;
				CLANG_WARN_RANGE_LOOP_ANALYSIS = YES;
				CLANG_WARN_STRICT_PROTOTYPES = YES;
				CLANG_WARN_SUSPICIOUS_MOVE = YES;
				CLANG_WARN_UNGUARDED_AVAILABILITY = YES_AGGRESSIVE;
				CLANG_WARN_UNREACHABLE_CODE = YES;
				CLANG_WARN__DUPLICATE_METHOD_MATCH = YES;
				CODE_SIGN_IDENTITY = "iPhone Developer";
				COPY_PHASE_STRIP = NO;
				DEBUG_INFORMATION_FORMAT = "dwarf-with-dsym";
				ENABLE_NS_ASSERTIONS = NO;
				ENABLE_STRICT_OBJC_MSGSEND = YES;
				GCC_C_LANGUAGE_STANDARD = gnu11;
				GCC_NO_COMMON_BLOCKS = YES;
				GCC_WARN_64_TO_32_BIT_CONVERSION = YES;
				GCC_WARN_ABOUT_RETURN_TYPE = YES_ERROR;
				GCC_WARN_UNDECLARED_SELECTOR = YES;
				GCC_WARN_UNINITIALIZED_AUTOS = YES_AGGRESSIVE;
				GCC_WARN_UNUSED_FUNCTION = YES;
				GCC_WARN_UNUSED_VARIABLE = YES;
				IPHONEOS_DEPLOYMENT_TARGET = 12.0;
				MTL_ENABLE_DEBUG_INFO = NO;
				MTL_FAST_MATH = YES;
				SDKROOT = iphoneos;
				SWIFT_COMPILATION_MODE = wholemodule;
				SWIFT_OPTIMIZATION_LEVEL = "-O";
				VALIDATE_PRODUCT = YES;
			};
			name = Release;
		};
		EFCCDD802147D17000CF379D /* Debug */ = {
			isa = XCBuildConfiguration;
			buildSettings = {
				ASSETCATALOG_COMPILER_APPICON_NAME = AppIcon;
				CODE_SIGN_STYLE = Automatic;
				INFOPLIST_FILE = GeometryFighter/Info.plist;
				LD_RUNPATH_SEARCH_PATHS = (
					"$(inherited)",
					"@executable_path/Frameworks",
				);
				PRODUCT_BUNDLE_IDENTIFIER = world.hello.GeometryFighter;
				PRODUCT_NAME = "$(TARGET_NAME)";
				SWIFT_VERSION = 4.2;
				TARGETED_DEVICE_FAMILY = "1,2";
			};
			name = Debug;
		};
		EFCCDD812147D17000CF379D /* Release */ = {
			isa = XCBuildConfiguration;
			buildSettings = {
				ASSETCATALOG_COMPILER_APPICON_NAME = AppIcon;
				CODE_SIGN_STYLE = Automatic;
				INFOPLIST_FILE = GeometryFighter/Info.plist;
				LD_RUNPATH_SEARCH_PATHS = (
					"$(inherited)",
					"@executable_path/Frameworks",
				);
				PRODUCT_BUNDLE_IDENTIFIER = world.hello.GeometryFighter;
				PRODUCT_NAME = "$(TARGET_NAME)";
				SWIFT_VERSION = 4.2;
				TARGETED_DEVICE_FAMILY = "1,2";
			};
			name = Release;
		};
/* End XCBuildConfiguration section */

/* Begin XCConfigurationList section */
		EFCCDD662147D16E00CF379D /* Build configuration list for PBXProject "GeometryFighter" */ = {
			isa = XCConfigurationList;
			buildConfigurations = (
				EFCCDD7D2147D17000CF379D /* Debug */,
				EFCCDD7E2147D17000CF379D /* Release */,
			);
			defaultConfigurationIsVisible = 0;
			defaultConfigurationName = Release;
		};
		EFCCDD7F2147D17000CF379D /* Build configuration list for PBXNativeTarget "GeometryFighter" */ = {
			isa = XCConfigurationList;
			buildConfigurations = (
				EFCCDD802147D17000CF379D /* Debug */,
				EFCCDD812147D17000CF379D /* Release */,
			);
			defaultConfigurationIsVisible = 0;
			defaultConfigurationName = Release;
		};
/* End XCConfigurationList section */
	};
	rootObject = EFCCDD632147D16E00CF379D /* Project object */;
}
