// !$*UTF8*$!
{
	archiveVersion = 1;
	classes = {
	};
	objectVersion = 50;
	objects = {

/* Begin PBXBuildFile section */
		EFC39B7221F6028B002214B4 /* AppDelegate.swift in Sources */ = {isa = PBXBuildFile; fileRef = EFC39B7121F6028B002214B4 /* AppDelegate.swift */; };
		EFC39B7421F6028B002214B4 /* ViewController.swift in Sources */ = {isa = PBXBuildFile; fileRef = EFC39B7321F6028B002214B4 /* ViewController.swift */; };
		EFC39B7721F6028B002214B4 /* Main.storyboard in Resources */ = {isa = PBXBuildFile; fileRef = EFC39B7521F6028B002214B4 /* Main.storyboard */; };
		EFC39B7921F6028D002214B4 /* Assets.xcassets in Resources */ = {isa = PBXBuildFile; fileRef = EFC39B7821F6028D002214B4 /* Assets.xcassets */; };
		EFC39B7C21F6028D002214B4 /* LaunchScreen.storyboard in Resources */ = {isa = PBXBuildFile; fileRef = EFC39B7A21F6028D002214B4 /* LaunchScreen.storyboard */; };
		EFC39B8421F61801002214B4 /* Vertex.swift in Sources */ = {isa = PBXBuildFile; fileRef = EFC39B8321F61801002214B4 /* Vertex.swift */; };
/* End PBXBuildFile section */

/* Begin PBXFileReference section */
		EFC39B6E21F6028B002214B4 /* OpenGLKit.app */ = {isa = PBXFileReference; explicitFileType = wrapper.application; includeInIndex = 0; path = OpenGLKit.app; sourceTree = BUILT_PRODUCTS_DIR; };
		EFC39B7121F6028B002214B4 /* AppDelegate.swift */ = {isa = PBXFileReference; lastKnownFileType = sourcecode.swift; path = AppDelegate.swift; sourceTree = "<group>"; };
		EFC39B7321F6028B002214B4 /* ViewController.swift */ = {isa = PBXFileReference; lastKnownFileType = sourcecode.swift; path = ViewController.swift; sourceTree = "<group>"; };
		EFC39B7621F6028B002214B4 /* Base */ = {isa = PBXFileReference; lastKnownFileType = file.storyboard; name = Base; path = Base.lproj/Main.storyboard; sourceTree = "<group>"; };
		EFC39B7821F6028D002214B4 /* Assets.xcassets */ = {isa = PBXFileReference; lastKnownFileType = folder.assetcatalog; path = Assets.xcassets; sourceTree = "<group>"; };
		EFC39B7B21F6028D002214B4 /* Base */ = {isa = PBXFileReference; lastKnownFileType = file.storyboard; name = Base; path = Base.lproj/LaunchScreen.storyboard; sourceTree = "<group>"; };
		EFC39B7D21F6028D002214B4 /* Info.plist */ = {isa = PBXFileReference; lastKnownFileType = text.plist.xml; path = Info.plist; sourceTree = "<group>"; };
		EFC39B8321F61801002214B4 /* Vertex.swift */ = {isa = PBXFileReference; lastKnownFileType = sourcecode.swift; path = Vertex.swift; sourceTree = "<group>"; };
/* End PBXFileReference section */

/* Begin PBXFrameworksBuildPhase section */
		EFC39B6B21F6028B002214B4 /* Frameworks */ = {
			isa = PBXFrameworksBuildPhase;
			buildActionMask = 2147483647;
			files = (
			);
			runOnlyForDeploymentPostprocessing = 0;
		};
/* End PBXFrameworksBuildPhase section */

/* Begin PBXGroup section */
		EFC39B6521F6028B002214B4 = {
			isa = PBXGroup;
			children = (
				EFC39B7021F6028B002214B4 /* OpenGLKit */,
				EFC39B6F21F6028B002214B4 /* Products */,
			);
			sourceTree = "<group>";
		};
		EFC39B6F21F6028B002214B4 /* Products */ = {
			isa = PBXGroup;
			children = (
				EFC39B6E21F6028B002214B4 /* OpenGLKit.app */,
			);
			name = Products;
			sourceTree = "<group>";
		};
		EFC39B7021F6028B002214B4 /* OpenGLKit */ = {
			isa = PBXGroup;
			children = (
				EFC39B7121F6028B002214B4 /* AppDelegate.swift */,
				EFC39B7321F6028B002214B4 /* ViewController.swift */,
				EFC39B7521F6028B002214B4 /* Main.storyboard */,
				EFC39B7821F6028D002214B4 /* Assets.xcassets */,
				EFC39B7A21F6028D002214B4 /* LaunchScreen.storyboard */,
				EFC39B7D21F6028D002214B4 /* Info.plist */,
				EFC39B8321F61801002214B4 /* Vertex.swift */,
			);
			path = OpenGLKit;
			sourceTree = "<group>";
		};
/* End PBXGroup section */

/* Begin PBXNativeTarget section */
		EFC39B6D21F6028B002214B4 /* OpenGLKit */ = {
			isa = PBXNativeTarget;
			buildConfigurationList = EFC39B8021F6028D002214B4 /* Build configuration list for PBXNativeTarget "OpenGLKit" */;
			buildPhases = (
				EFC39B6A21F6028B002214B4 /* Sources */,
				EFC39B6B21F6028B002214B4 /* Frameworks */,
				EFC39B6C21F6028B002214B4 /* Resources */,
			);
			buildRules = (
			);
			dependencies = (
			);
			name = OpenGLKit;
			productName = OpenGLKit;
			productReference = EFC39B6E21F6028B002214B4 /* OpenGLKit.app */;
			productType = "com.apple.product-type.application";
		};
/* End PBXNativeTarget section */

/* Begin PBXProject section */
		EFC39B6621F6028B002214B4 /* Project object */ = {
			isa = PBXProject;
			attributes = {
				LastSwiftUpdateCheck = 1010;
				LastUpgradeCheck = 1010;
				ORGANIZATIONNAME = "근성가이";
				TargetAttributes = {
					EFC39B6D21F6028B002214B4 = {
						CreatedOnToolsVersion = 10.1;
					};
				};
			};
			buildConfigurationList = EFC39B6921F6028B002214B4 /* Build configuration list for PBXProject "OpenGLKit" */;
			compatibilityVersion = "Xcode 9.3";
			developmentRegion = en;
			hasScannedForEncodings = 0;
			knownRegions = (
				en,
				Base,
			);
			mainGroup = EFC39B6521F6028B002214B4;
			productRefGroup = EFC39B6F21F6028B002214B4 /* Products */;
			projectDirPath = "";
			projectRoot = "";
			targets = (
				EFC39B6D21F6028B002214B4 /* OpenGLKit */,
			);
		};
/* End PBXProject section */

/* Begin PBXResourcesBuildPhase section */
		EFC39B6C21F6028B002214B4 /* Resources */ = {
			isa = PBXResourcesBuildPhase;
			buildActionMask = 2147483647;
			files = (
				EFC39B7C21F6028D002214B4 /* LaunchScreen.storyboard in Resources */,
				EFC39B7921F6028D002214B4 /* Assets.xcassets in Resources */,
				EFC39B7721F6028B002214B4 /* Main.storyboard in Resources */,
			);
			runOnlyForDeploymentPostprocessing = 0;
		};
/* End PBXResourcesBuildPhase section */

/* Begin PBXSourcesBuildPhase section */
		EFC39B6A21F6028B002214B4 /* Sources */ = {
			isa = PBXSourcesBuildPhase;
			buildActionMask = 2147483647;
			files = (
				EFC39B7421F6028B002214B4 /* ViewController.swift in Sources */,
				EFC39B7221F6028B002214B4 /* AppDelegate.swift in Sources */,
				EFC39B8421F61801002214B4 /* Vertex.swift in Sources */,
			);
			runOnlyForDeploymentPostprocessing = 0;
		};
/* End PBXSourcesBuildPhase section */

/* Begin PBXVariantGroup section */
		EFC39B7521F6028B002214B4 /* Main.storyboard */ = {
			isa = PBXVariantGroup;
			children = (
				EFC39B7621F6028B002214B4 /* Base */,
			);
			name = Main.storyboard;
			sourceTree = "<group>";
		};
		EFC39B7A21F6028D002214B4 /* LaunchScreen.storyboard */ = {
			isa = PBXVariantGroup;
			children = (
				EFC39B7B21F6028D002214B4 /* Base */,
			);
			name = LaunchScreen.storyboard;
			sourceTree = "<group>";
		};
/* End PBXVariantGroup section */

/* Begin XCBuildConfiguration section */
		EFC39B7E21F6028D002214B4 /* Debug */ = {
			isa = XCBuildConfiguration;
			buildSettings = {
				ALWAYS_SEARCH_USER_PATHS = NO;
				CLANG_ANALYZER_NONNULL = YES;
				CLANG_ANALYZER_NUMBER_OBJECT_CONVERSION = YES_AGGRESSIVE;
				CLANG_CXX_LANGUAGE_STANDARD = "gnu++14";
				CLANG_CXX_LIBRARY = "libc++";
				CLANG_ENABLE_MODULES = YES;
				CLANG_ENABLE_OBJC_ARC = YES;
				CLANG_ENABLE_OBJC_WEAK = YES;
				CLANG_WARN_BLOCK_CAPTURE_AUTORELEASING = YES;
				CLANG_WARN_BOOL_CONVERSION = YES;
				CLANG_WARN_COMMA = YES;
				CLANG_WARN_CONSTANT_CONVERSION = YES;
				CLANG_WARN_DEPRECATED_OBJC_IMPLEMENTATIONS = YES;
				CLANG_WARN_DIRECT_OBJC_ISA_USAGE = YES_ERROR;
				CLANG_WARN_DOCUMENTATION_COMMENTS = YES;
				CLANG_WARN_EMPTY_BODY = YES;
				CLANG_WARN_ENUM_CONVERSION = YES;
				CLANG_WARN_INFINITE_RECURSION = YES;
				CLANG_WARN_INT_CONVERSION = YES;
				CLANG_WARN_NON_LITERAL_NULL_CONVERSION = YES;
				CLANG_WARN_OBJC_IMPLICIT_RETAIN_SELF = YES;
				CLANG_WARN_OBJC_LITERAL_CONVERSION = YES;
				CLANG_WARN_OBJC_ROOT_CLASS = YES_ERROR;
				CLANG_WARN_RANGE_LOOP_ANALYSIS = YES;
				CLANG_WARN_STRICT_PROTOTYPES = YES;
				CLANG_WARN_SUSPICIOUS_MOVE = YES;
				CLANG_WARN_UNGUARDED_AVAILABILITY = YES_AGGRESSIVE;
				CLANG_WARN_UNREACHABLE_CODE = YES;
				CLANG_WARN__DUPLICATE_METHOD_MATCH = YES;
				CODE_SIGN_IDENTITY = "iPhone Developer";
				COPY_PHASE_STRIP = NO;
				DEBUG_INFORMATION_FORMAT = dwarf;
				ENABLE_STRICT_OBJC_MSGSEND = YES;
				ENABLE_TESTABILITY = YES;
				GCC_C_LANGUAGE_STANDARD = gnu11;
				GCC_DYNAMIC_NO_PIC = NO;
				GCC_NO_COMMON_BLOCKS = YES;
				GCC_OPTIMIZATION_LEVEL = 0;
				GCC_PREPROCESSOR_DEFINITIONS = (
					"DEBUG=1",
					"$(inherited)",
				);
				GCC_WARN_64_TO_32_BIT_CONVERSION = YES;
				GCC_WARN_ABOUT_RETURN_TYPE = YES_ERROR;
				GCC_WARN_UNDECLARED_SELECTOR = YES;
				GCC_WARN_UNINITIALIZED_AUTOS = YES_AGGRESSIVE;
				GCC_WARN_UNUSED_FUNCTION = YES;
				GCC_WARN_UNUSED_VARIABLE = YES;
				IPHONEOS_DEPLOYMENT_TARGET = 12.1;
				MTL_ENABLE_DEBUG_INFO = INCLUDE_SOURCE;
				MTL_FAST_MATH = YES;
				ONLY_ACTIVE_ARCH = YES;
				SDKROOT = iphoneos;
				SWIFT_ACTIVE_COMPILATION_CONDITIONS = DEBUG;
				SWIFT_OPTIMIZATION_LEVEL = "-Onone";
			};
			name = Debug;
		};
		EFC39B7F21F6028D002214B4 /* Release */ = {
			isa = XCBuildConfiguration;
			buildSettings = {
				ALWAYS_SEARCH_USER_PATHS = NO;
				CLANG_ANALYZER_NONNULL = YES;
				CLANG_ANALYZER_NUMBER_OBJECT_CONVERSION = YES_AGGRESSIVE;
				CLANG_CXX_LANGUAGE_STANDARD = "gnu++14";
				CLANG_CXX_LIBRARY = "libc++";
				CLANG_ENABLE_MODULES = YES;
				CLANG_ENABLE_OBJC_ARC = YES;
				CLANG_ENABLE_OBJC_WEAK = YES;
				CLANG_WARN_BLOCK_CAPTURE_AUTORELEASING = YES;
				CLANG_WARN_BOOL_CONVERSION = YES;
				CLANG_WARN_COMMA = YES;
				CLANG_WARN_CONSTANT_CONVERSION = YES;
				CLANG_WARN_DEPRECATED_OBJC_IMPLEMENTATIONS = YES;
				CLANG_WARN_DIRECT_OBJC_ISA_USAGE = YES_ERROR;
				CLANG_WARN_DOCUMENTATION_COMMENTS = YES;
				CLANG_WARN_EMPTY_BODY = YES;
				CLANG_WARN_ENUM_CONVERSION = YES;
				CLANG_WARN_INFINITE_RECURSION = YES;
				CLANG_WARN_INT_CONVERSION = YES;
				CLANG_WARN_NON_LITERAL_NULL_CONVERSION = YES;
				CLANG_WARN_OBJC_IMPLICIT_RETAIN_SELF = YES;
				CLANG_WARN_OBJC_LITERAL_CONVERSION = YES;
				CLANG_WARN_OBJC_ROOT_CLASS = YES_ERROR;
				CLANG_WARN_RANGE_LOOP_ANALYSIS = YES;
				CLANG_WARN_STRICT_PROTOTYPES = YES;
				CLANG_WARN_SUSPICIOUS_MOVE = YES;
				CLANG_WARN_UNGUARDED_AVAILABILITY = YES_AGGRESSIVE;
				CLANG_WARN_UNREACHABLE_CODE = YES;
				CLANG_WARN__DUPLICATE_METHOD_MATCH = YES;
				CODE_SIGN_IDENTITY = "iPhone Developer";
				COPY_PHASE_STRIP = NO;
				DEBUG_INFORMATION_FORMAT = "dwarf-with-dsym";
				ENABLE_NS_ASSERTIONS = NO;
				ENABLE_STRICT_OBJC_MSGSEND = YES;
				GCC_C_LANGUAGE_STANDARD = gnu11;
				GCC_NO_COMMON_BLOCKS = YES;
				GCC_WARN_64_TO_32_BIT_CONVERSION = YES;
				GCC_WARN_ABOUT_RETURN_TYPE = YES_ERROR;
				GCC_WARN_UNDECLARED_SELECTOR = YES;
				GCC_WARN_UNINITIALIZED_AUTOS = YES_AGGRESSIVE;
				GCC_WARN_UNUSED_FUNCTION = YES;
				GCC_WARN_UNUSED_VARIABLE = YES;
				IPHONEOS_DEPLOYMENT_TARGET = 12.1;
				MTL_ENABLE_DEBUG_INFO = NO;
				MTL_FAST_MATH = YES;
				SDKROOT = iphoneos;
				SWIFT_COMPILATION_MODE = wholemodule;
				SWIFT_OPTIMIZATION_LEVEL = "-O";
				VALIDATE_PRODUCT = YES;
			};
			name = Release;
		};
		EFC39B8121F6028D002214B4 /* Debug */ = {
			isa = XCBuildConfiguration;
			buildSettings = {
				ASSETCATALOG_COMPILER_APPICON_NAME = AppIcon;
				CODE_SIGN_STYLE = Automatic;
				DEVELOPMENT_TEAM = YMFKFKP9AX;
				INFOPLIST_FILE = OpenGLKit/Info.plist;
				LD_RUNPATH_SEARCH_PATHS = (
					"$(inherited)",
					"@executable_path/Frameworks",
				);
				PRODUCT_BUNDLE_IDENTIFIER = world.hello.OpenGLKit;
				PRODUCT_NAME = "$(TARGET_NAME)";
				SWIFT_VERSION = 4.2;
				TARGETED_DEVICE_FAMILY = "1,2";
			};
			name = Debug;
		};
		EFC39B8221F6028D002214B4 /* Release */ = {
			isa = XCBuildConfiguration;
			buildSettings = {
				ASSETCATALOG_COMPILER_APPICON_NAME = AppIcon;
				CODE_SIGN_STYLE = Automatic;
				DEVELOPMENT_TEAM = YMFKFKP9AX;
				INFOPLIST_FILE = OpenGLKit/Info.plist;
				LD_RUNPATH_SEARCH_PATHS = (
					"$(inherited)",
					"@executable_path/Frameworks",
				);
				PRODUCT_BUNDLE_IDENTIFIER = world.hello.OpenGLKit;
				PRODUCT_NAME = "$(TARGET_NAME)";
				SWIFT_VERSION = 4.2;
				TARGETED_DEVICE_FAMILY = "1,2";
			};
			name = Release;
		};
/* End XCBuildConfiguration section */

/* Begin XCConfigurationList section */
		EFC39B6921F6028B002214B4 /* Build configuration list for PBXProject "OpenGLKit" */ = {
			isa = XCConfigurationList;
			buildConfigurations = (
				EFC39B7E21F6028D002214B4 /* Debug */,
				EFC39B7F21F6028D002214B4 /* Release */,
			);
			defaultConfigurationIsVisible = 0;
			defaultConfigurationName = Release;
		};
		EFC39B8021F6028D002214B4 /* Build configuration list for PBXNativeTarget "OpenGLKit" */ = {
			isa = XCConfigurationList;
			buildConfigurations = (
				EFC39B8121F6028D002214B4 /* Debug */,
				EFC39B8221F6028D002214B4 /* Release */,
			);
			defaultConfigurationIsVisible = 0;
			defaultConfigurationName = Release;
		};
/* End XCConfigurationList section */
	};
	rootObject = EFC39B6621F6028B002214B4 /* Project object */;
}
