// !$*UTF8*$!
{
	archiveVersion = 1;
	classes = {
	};
	objectVersion = 50;
	objects = {

/* Begin PBXBuildFile section */
		EF40D7EF2152BC4200078C61 /* AppDelegate.swift in Sources */ = {isa = PBXBuildFile; fileRef = EF40D7EE2152BC4200078C61 /* AppDelegate.swift */; };
		EF40D7F12152BC4200078C61 /* ViewController.swift in Sources */ = {isa = PBXBuildFile; fileRef = EF40D7F02152BC4200078C61 /* ViewController.swift */; };
		EF40D7F42152BC4200078C61 /* Main.storyboard in Resources */ = {isa = PBXBuildFile; fileRef = EF40D7F22152BC4200078C61 /* Main.storyboard */; };
		EF40D7F62152BC4400078C61 /* Assets.xcassets in Resources */ = {isa = PBXBuildFile; fileRef = EF40D7F52152BC4400078C61 /* Assets.xcassets */; };
		EF40D7F92152BC4400078C61 /* LaunchScreen.storyboard in Resources */ = {isa = PBXBuildFile; fileRef = EF40D7F72152BC4400078C61 /* LaunchScreen.storyboard */; };
		EF40D8052152C04A00078C61 /* GameUtils.swift in Sources */ = {isa = PBXBuildFile; fileRef = EF40D8022152C04A00078C61 /* GameUtils.swift */; };
		EF40D8062152C04A00078C61 /* GameHelper.swift in Sources */ = {isa = PBXBuildFile; fileRef = EF40D8032152C04A00078C61 /* GameHelper.swift */; };
		EF40D8072152C04A00078C61 /* SCNAction+Extensions.swift in Sources */ = {isa = PBXBuildFile; fileRef = EF40D8042152C04A00078C61 /* SCNAction+Extensions.swift */; };
		EF40D8092152C08800078C61 /* MrPig.scnassets in Resources */ = {isa = PBXBuildFile; fileRef = EF40D8082152C08800078C61 /* MrPig.scnassets */; };
/* End PBXBuildFile section */

/* Begin PBXFileReference section */
		EF40D7EB2152BC4200078C61 /* Mr.Pig.app */ = {isa = PBXFileReference; explicitFileType = wrapper.application; includeInIndex = 0; path = Mr.Pig.app; sourceTree = BUILT_PRODUCTS_DIR; };
		EF40D7EE2152BC4200078C61 /* AppDelegate.swift */ = {isa = PBXFileReference; lastKnownFileType = sourcecode.swift; path = AppDelegate.swift; sourceTree = "<group>"; };
		EF40D7F02152BC4200078C61 /* ViewController.swift */ = {isa = PBXFileReference; lastKnownFileType = sourcecode.swift; path = ViewController.swift; sourceTree = "<group>"; };
		EF40D7F32152BC4200078C61 /* Base */ = {isa = PBXFileReference; lastKnownFileType = file.storyboard; name = Base; path = Base.lproj/Main.storyboard; sourceTree = "<group>"; };
		EF40D7F52152BC4400078C61 /* Assets.xcassets */ = {isa = PBXFileReference; lastKnownFileType = folder.assetcatalog; path = Assets.xcassets; sourceTree = "<group>"; };
		EF40D7F82152BC4400078C61 /* Base */ = {isa = PBXFileReference; lastKnownFileType = file.storyboard; name = Base; path = Base.lproj/LaunchScreen.storyboard; sourceTree = "<group>"; };
		EF40D7FA2152BC4400078C61 /* Info.plist */ = {isa = PBXFileReference; lastKnownFileType = text.plist.xml; path = Info.plist; sourceTree = "<group>"; };
		EF40D8022152C04A00078C61 /* GameUtils.swift */ = {isa = PBXFileReference; fileEncoding = 4; lastKnownFileType = sourcecode.swift; path = GameUtils.swift; sourceTree = "<group>"; };
		EF40D8032152C04A00078C61 /* GameHelper.swift */ = {isa = PBXFileReference; fileEncoding = 4; lastKnownFileType = sourcecode.swift; path = GameHelper.swift; sourceTree = "<group>"; };
		EF40D8042152C04A00078C61 /* SCNAction+Extensions.swift */ = {isa = PBXFileReference; fileEncoding = 4; lastKnownFileType = sourcecode.swift; path = "SCNAction+Extensions.swift"; sourceTree = "<group>"; };
		EF40D8082152C08800078C61 /* MrPig.scnassets */ = {isa = PBXFileReference; lastKnownFileType = wrapper.scnassets; path = MrPig.scnassets; sourceTree = "<group>"; };
/* End PBXFileReference section */

/* Begin PBXFrameworksBuildPhase section */
		EF40D7E82152BC4200078C61 /* Frameworks */ = {
			isa = PBXFrameworksBuildPhase;
			buildActionMask = 2147483647;
			files = (
			);
			runOnlyForDeploymentPostprocessing = 0;
		};
/* End PBXFrameworksBuildPhase section */

/* Begin PBXGroup section */
		EF40D7E22152BC4200078C61 = {
			isa = PBXGroup;
			children = (
				EF40D7ED2152BC4200078C61 /* Mr.Pig */,
				EF40D7EC2152BC4200078C61 /* Products */,
			);
			sourceTree = "<group>";
		};
		EF40D7EC2152BC4200078C61 /* Products */ = {
			isa = PBXGroup;
			children = (
				EF40D7EB2152BC4200078C61 /* Mr.Pig.app */,
			);
			name = Products;
			sourceTree = "<group>";
		};
		EF40D7ED2152BC4200078C61 /* Mr.Pig */ = {
			isa = PBXGroup;
			children = (
				EF40D8012152C04A00078C61 /* GameUtils */,
				EF40D7EE2152BC4200078C61 /* AppDelegate.swift */,
				EF40D7F02152BC4200078C61 /* ViewController.swift */,
				EF40D7F22152BC4200078C61 /* Main.storyboard */,
				EF40D8082152C08800078C61 /* MrPig.scnassets */,
				EF40D7F52152BC4400078C61 /* Assets.xcassets */,
				EF40D7F72152BC4400078C61 /* LaunchScreen.storyboard */,
				EF40D7FA2152BC4400078C61 /* Info.plist */,
			);
			path = Mr.Pig;
			sourceTree = "<group>";
		};
		EF40D8012152C04A00078C61 /* GameUtils */ = {
			isa = PBXGroup;
			children = (
				EF40D8022152C04A00078C61 /* GameUtils.swift */,
				EF40D8032152C04A00078C61 /* GameHelper.swift */,
				EF40D8042152C04A00078C61 /* SCNAction+Extensions.swift */,
			);
			path = GameUtils;
			sourceTree = "<group>";
		};
/* End PBXGroup section */

/* Begin PBXNativeTarget section */
		EF40D7EA2152BC4200078C61 /* Mr.Pig */ = {
			isa = PBXNativeTarget;
			buildConfigurationList = EF40D7FD2152BC4400078C61 /* Build configuration list for PBXNativeTarget "Mr.Pig" */;
			buildPhases = (
				EF40D7E72152BC4200078C61 /* Sources */,
				EF40D7E82152BC4200078C61 /* Frameworks */,
				EF40D7E92152BC4200078C61 /* Resources */,
			);
			buildRules = (
			);
			dependencies = (
			);
			name = Mr.Pig;
			productName = Mr.Pig;
			productReference = EF40D7EB2152BC4200078C61 /* Mr.Pig.app */;
			productType = "com.apple.product-type.application";
		};
/* End PBXNativeTarget section */

/* Begin PBXProject section */
		EF40D7E32152BC4200078C61 /* Project object */ = {
			isa = PBXProject;
			attributes = {
				LastSwiftUpdateCheck = 1000;
				LastUpgradeCheck = 1000;
				ORGANIZATIONNAME = "근성가이";
				TargetAttributes = {
					EF40D7EA2152BC4200078C61 = {
						CreatedOnToolsVersion = 10.0;
					};
				};
			};
			buildConfigurationList = EF40D7E62152BC4200078C61 /* Build configuration list for PBXProject "Mr.Pig" */;
			compatibilityVersion = "Xcode 9.3";
			developmentRegion = en;
			hasScannedForEncodings = 0;
			knownRegions = (
				en,
				Base,
			);
			mainGroup = EF40D7E22152BC4200078C61;
			productRefGroup = EF40D7EC2152BC4200078C61 /* Products */;
			projectDirPath = "";
			projectRoot = "";
			targets = (
				EF40D7EA2152BC4200078C61 /* Mr.Pig */,
			);
		};
/* End PBXProject section */

/* Begin PBXResourcesBuildPhase section */
		EF40D7E92152BC4200078C61 /* Resources */ = {
			isa = PBXResourcesBuildPhase;
			buildActionMask = 2147483647;
			files = (
				EF40D7F92152BC4400078C61 /* LaunchScreen.storyboard in Resources */,
				EF40D7F62152BC4400078C61 /* Assets.xcassets in Resources */,
				EF40D7F42152BC4200078C61 /* Main.storyboard in Resources */,
				EF40D8092152C08800078C61 /* MrPig.scnassets in Resources */,
			);
			runOnlyForDeploymentPostprocessing = 0;
		};
/* End PBXResourcesBuildPhase section */

/* Begin PBXSourcesBuildPhase section */
		EF40D7E72152BC4200078C61 /* Sources */ = {
			isa = PBXSourcesBuildPhase;
			buildActionMask = 2147483647;
			files = (
				EF40D7F12152BC4200078C61 /* ViewController.swift in Sources */,
				EF40D8072152C04A00078C61 /* SCNAction+Extensions.swift in Sources */,
				EF40D8062152C04A00078C61 /* GameHelper.swift in Sources */,
				EF40D8052152C04A00078C61 /* GameUtils.swift in Sources */,
				EF40D7EF2152BC4200078C61 /* AppDelegate.swift in Sources */,
			);
			runOnlyForDeploymentPostprocessing = 0;
		};
/* End PBXSourcesBuildPhase section */

/* Begin PBXVariantGroup section */
		EF40D7F22152BC4200078C61 /* Main.storyboard */ = {
			isa = PBXVariantGroup;
			children = (
				EF40D7F32152BC4200078C61 /* Base */,
			);
			name = Main.storyboard;
			sourceTree = "<group>";
		};
		EF40D7F72152BC4400078C61 /* LaunchScreen.storyboard */ = {
			isa = PBXVariantGroup;
			children = (
				EF40D7F82152BC4400078C61 /* Base */,
			);
			name = LaunchScreen.storyboard;
			sourceTree = "<group>";
		};
/* End PBXVariantGroup section */

/* Begin XCBuildConfiguration section */
		EF40D7FB2152BC4400078C61 /* Debug */ = {
			isa = XCBuildConfiguration;
			buildSettings = {
				ALWAYS_SEARCH_USER_PATHS = NO;
				CLANG_ANALYZER_NONNULL = YES;
				CLANG_ANALYZER_NUMBER_OBJECT_CONVERSION = YES_AGGRESSIVE;
				CLANG_CXX_LANGUAGE_STANDARD = "gnu++14";
				CLANG_CXX_LIBRARY = "libc++";
				CLANG_ENABLE_MODULES = YES;
				CLANG_ENABLE_OBJC_ARC = YES;
				CLANG_ENABLE_OBJC_WEAK = YES;
				CLANG_WARN_BLOCK_CAPTURE_AUTORELEASING = YES;
				CLANG_WARN_BOOL_CONVERSION = YES;
				CLANG_WARN_COMMA = YES;
				CLANG_WARN_CONSTANT_CONVERSION = YES;
				CLANG_WARN_DEPRECATED_OBJC_IMPLEMENTATIONS = YES;
				CLANG_WARN_DIRECT_OBJC_ISA_USAGE = YES_ERROR;
				CLANG_WARN_DOCUMENTATION_COMMENTS = YES;
				CLANG_WARN_EMPTY_BODY = YES;
				CLANG_WARN_ENUM_CONVERSION = YES;
				CLANG_WARN_INFINITE_RECURSION = YES;
				CLANG_WARN_INT_CONVERSION = YES;
				CLANG_WARN_NON_LITERAL_NULL_CONVERSION = YES;
				CLANG_WARN_OBJC_IMPLICIT_RETAIN_SELF = YES;
				CLANG_WARN_OBJC_LITERAL_CONVERSION = YES;
				CLANG_WARN_OBJC_ROOT_CLASS = YES_ERROR;
				CLANG_WARN_RANGE_LOOP_ANALYSIS = YES;
				CLANG_WARN_STRICT_PROTOTYPES = YES;
				CLANG_WARN_SUSPICIOUS_MOVE = YES;
				CLANG_WARN_UNGUARDED_AVAILABILITY = YES_AGGRESSIVE;
				CLANG_WARN_UNREACHABLE_CODE = YES;
				CLANG_WARN__DUPLICATE_METHOD_MATCH = YES;
				CODE_SIGN_IDENTITY = "iPhone Developer";
				COPY_PHASE_STRIP = NO;
				DEBUG_INFORMATION_FORMAT = dwarf;
				ENABLE_STRICT_OBJC_MSGSEND = YES;
				ENABLE_TESTABILITY = YES;
				GCC_C_LANGUAGE_STANDARD = gnu11;
				GCC_DYNAMIC_NO_PIC = NO;
				GCC_NO_COMMON_BLOCKS = YES;
				GCC_OPTIMIZATION_LEVEL = 0;
				GCC_PREPROCESSOR_DEFINITIONS = (
					"DEBUG=1",
					"$(inherited)",
				);
				GCC_WARN_64_TO_32_BIT_CONVERSION = YES;
				GCC_WARN_ABOUT_RETURN_TYPE = YES_ERROR;
				GCC_WARN_UNDECLARED_SELECTOR = YES;
				GCC_WARN_UNINITIALIZED_AUTOS = YES_AGGRESSIVE;
				GCC_WARN_UNUSED_FUNCTION = YES;
				GCC_WARN_UNUSED_VARIABLE = YES;
				IPHONEOS_DEPLOYMENT_TARGET = 12.0;
				MTL_ENABLE_DEBUG_INFO = INCLUDE_SOURCE;
				MTL_FAST_MATH = YES;
				ONLY_ACTIVE_ARCH = YES;
				SDKROOT = iphoneos;
				SWIFT_ACTIVE_COMPILATION_CONDITIONS = DEBUG;
				SWIFT_OPTIMIZATION_LEVEL = "-Onone";
			};
			name = Debug;
		};
		EF40D7FC2152BC4400078C61 /* Release */ = {
			isa = XCBuildConfiguration;
			buildSettings = {
				ALWAYS_SEARCH_USER_PATHS = NO;
				CLANG_ANALYZER_NONNULL = YES;
				CLANG_ANALYZER_NUMBER_OBJECT_CONVERSION = YES_AGGRESSIVE;
				CLANG_CXX_LANGUAGE_STANDARD = "gnu++14";
				CLANG_CXX_LIBRARY = "libc++";
				CLANG_ENABLE_MODULES = YES;
				CLANG_ENABLE_OBJC_ARC = YES;
				CLANG_ENABLE_OBJC_WEAK = YES;
				CLANG_WARN_BLOCK_CAPTURE_AUTORELEASING = YES;
				CLANG_WARN_BOOL_CONVERSION = YES;
				CLANG_WARN_COMMA = YES;
				CLANG_WARN_CONSTANT_CONVERSION = YES;
				CLANG_WARN_DEPRECATED_OBJC_IMPLEMENTATIONS = YES;
				CLANG_WARN_DIRECT_OBJC_ISA_USAGE = YES_ERROR;
				CLANG_WARN_DOCUMENTATION_COMMENTS = YES;
				CLANG_WARN_EMPTY_BODY = YES;
				CLANG_WARN_ENUM_CONVERSION = YES;
				CLANG_WARN_INFINITE_RECURSION = YES;
				CLANG_WARN_INT_CONVERSION = YES;
				CLANG_WARN_NON_LITERAL_NULL_CONVERSION = YES;
				CLANG_WARN_OBJC_IMPLICIT_RETAIN_SELF = YES;
				CLANG_WARN_OBJC_LITERAL_CONVERSION = YES;
				CLANG_WARN_OBJC_ROOT_CLASS = YES_ERROR;
				CLANG_WARN_RANGE_LOOP_ANALYSIS = YES;
				CLANG_WARN_STRICT_PROTOTYPES = YES;
				CLANG_WARN_SUSPICIOUS_MOVE = YES;
				CLANG_WARN_UNGUARDED_AVAILABILITY = YES_AGGRESSIVE;
				CLANG_WARN_UNREACHABLE_CODE = YES;
				CLANG_WARN__DUPLICATE_METHOD_MATCH = YES;
				CODE_SIGN_IDENTITY = "iPhone Developer";
				COPY_PHASE_STRIP = NO;
				DEBUG_INFORMATION_FORMAT = "dwarf-with-dsym";
				ENABLE_NS_ASSERTIONS = NO;
				ENABLE_STRICT_OBJC_MSGSEND = YES;
				GCC_C_LANGUAGE_STANDARD = gnu11;
				GCC_NO_COMMON_BLOCKS = YES;
				GCC_WARN_64_TO_32_BIT_CONVERSION = YES;
				GCC_WARN_ABOUT_RETURN_TYPE = YES_ERROR;
				GCC_WARN_UNDECLARED_SELECTOR = YES;
				GCC_WARN_UNINITIALIZED_AUTOS = YES_AGGRESSIVE;
				GCC_WARN_UNUSED_FUNCTION = YES;
				GCC_WARN_UNUSED_VARIABLE = YES;
				IPHONEOS_DEPLOYMENT_TARGET = 12.0;
				MTL_ENABLE_DEBUG_INFO = NO;
				MTL_FAST_MATH = YES;
				SDKROOT = iphoneos;
				SWIFT_COMPILATION_MODE = wholemodule;
				SWIFT_OPTIMIZATION_LEVEL = "-O";
				VALIDATE_PRODUCT = YES;
			};
			name = Release;
		};
		EF40D7FE2152BC4400078C61 /* Debug */ = {
			isa = XCBuildConfiguration;
			buildSettings = {
				ASSETCATALOG_COMPILER_APPICON_NAME = AppIcon;
				CODE_SIGN_STYLE = Automatic;
				DEVELOPMENT_TEAM = YMFKFKP9AX;
				INFOPLIST_FILE = Mr.Pig/Info.plist;
				LD_RUNPATH_SEARCH_PATHS = (
					"$(inherited)",
					"@executable_path/Frameworks",
				);
				PRODUCT_BUNDLE_IDENTIFIER = "world.hello.Mr-Pig";
				PRODUCT_NAME = "$(TARGET_NAME)";
				SWIFT_VERSION = 4.2;
				TARGETED_DEVICE_FAMILY = "1,2";
			};
			name = Debug;
		};
		EF40D7FF2152BC4400078C61 /* Release */ = {
			isa = XCBuildConfiguration;
			buildSettings = {
				ASSETCATALOG_COMPILER_APPICON_NAME = AppIcon;
				CODE_SIGN_STYLE = Automatic;
				DEVELOPMENT_TEAM = YMFKFKP9AX;
				INFOPLIST_FILE = Mr.Pig/Info.plist;
				LD_RUNPATH_SEARCH_PATHS = (
					"$(inherited)",
					"@executable_path/Frameworks",
				);
				PRODUCT_BUNDLE_IDENTIFIER = "world.hello.Mr-Pig";
				PRODUCT_NAME = "$(TARGET_NAME)";
				SWIFT_VERSION = 4.2;
				TARGETED_DEVICE_FAMILY = "1,2";
			};
			name = Release;
		};
/* End XCBuildConfiguration section */

/* Begin XCConfigurationList section */
		EF40D7E62152BC4200078C61 /* Build configuration list for PBXProject "Mr.Pig" */ = {
			isa = XCConfigurationList;
			buildConfigurations = (
				EF40D7FB2152BC4400078C61 /* Debug */,
				EF40D7FC2152BC4400078C61 /* Release */,
			);
			defaultConfigurationIsVisible = 0;
			defaultConfigurationName = Release;
		};
		EF40D7FD2152BC4400078C61 /* Build configuration list for PBXNativeTarget "Mr.Pig" */ = {
			isa = XCConfigurationList;
			buildConfigurations = (
				EF40D7FE2152BC4400078C61 /* Debug */,
				EF40D7FF2152BC4400078C61 /* Release */,
			);
			defaultConfigurationIsVisible = 0;
			defaultConfigurationName = Release;
		};
/* End XCConfigurationList section */
	};
	rootObject = EF40D7E32152BC4200078C61 /* Project object */;
}
