// !$*UTF8*$!
{
	archiveVersion = 1;
	classes = {
	};
	objectVersion = 48;
	objects = {

/* Begin PBXBuildFile section */
		17C0CC8F1F03D371009D07C8 /* AppDelegate.swift in Sources */ = {isa = PBXBuildFile; fileRef = 17C0CC8E1F03D371009D07C8 /* AppDelegate.swift */; };
		17C0CC911F03D371009D07C8 /* ViewController.swift in Sources */ = {isa = PBXBuildFile; fileRef = 17C0CC901F03D371009D07C8 /* ViewController.swift */; };
		17C0CC941F03D371009D07C8 /* Main.storyboard in Resources */ = {isa = PBXBuildFile; fileRef = 17C0CC921F03D371009D07C8 /* Main.storyboard */; };
		17C0CC961F03D371009D07C8 /* Assets.xcassets in Resources */ = {isa = PBXBuildFile; fileRef = 17C0CC951F03D371009D07C8 /* Assets.xcassets */; };
		17C0CC991F03D371009D07C8 /* LaunchScreen.storyboard in Resources */ = {isa = PBXBuildFile; fileRef = 17C0CC971F03D371009D07C8 /* LaunchScreen.storyboard */; };
		17C0CCA11F03D4ED009D07C8 /* LoginViewController.swift in Sources */ = {isa = PBXBuildFile; fileRef = 17C0CCA01F03D4ED009D07C8 /* LoginViewController.swift */; };
/* End PBXBuildFile section */

/* Begin PBXFileReference section */
		17C0CC8B1F03D371009D07C8 /* AppManager.app */ = {isa = PBXFileReference; explicitFileType = wrapper.application; includeInIndex = 0; path = AppManager.app; sourceTree = BUILT_PRODUCTS_DIR; };
		17C0CC8E1F03D371009D07C8 /* AppDelegate.swift */ = {isa = PBXFileReference; lastKnownFileType = sourcecode.swift; path = AppDelegate.swift; sourceTree = "<group>"; };
		17C0CC901F03D371009D07C8 /* ViewController.swift */ = {isa = PBXFileReference; lastKnownFileType = sourcecode.swift; path = ViewController.swift; sourceTree = "<group>"; };
		17C0CC931F03D371009D07C8 /* Base */ = {isa = PBXFileReference; lastKnownFileType = file.storyboard; name = Base; path = Base.lproj/Main.storyboard; sourceTree = "<group>"; };
		17C0CC951F03D371009D07C8 /* Assets.xcassets */ = {isa = PBXFileReference; lastKnownFileType = folder.assetcatalog; path = Assets.xcassets; sourceTree = "<group>"; };
		17C0CC981F03D371009D07C8 /* Base */ = {isa = PBXFileReference; lastKnownFileType = file.storyboard; name = Base; path = Base.lproj/LaunchScreen.storyboard; sourceTree = "<group>"; };
		17C0CC9A1F03D371009D07C8 /* Info.plist */ = {isa = PBXFileReference; lastKnownFileType = text.plist.xml; path = Info.plist; sourceTree = "<group>"; };
		17C0CCA01F03D4ED009D07C8 /* LoginViewController.swift */ = {isa = PBXFileReference; lastKnownFileType = sourcecode.swift; path = LoginViewController.swift; sourceTree = "<group>"; };
		17C0CCA21F03DB27009D07C8 /* AppManager.entitlements */ = {isa = PBXFileReference; lastKnownFileType = text.plist.entitlements; path = AppManager.entitlements; sourceTree = "<group>"; };
/* End PBXFileReference section */

/* Begin PBXFrameworksBuildPhase section */
		17C0CC881F03D371009D07C8 /* Frameworks */ = {
			isa = PBXFrameworksBuildPhase;
			buildActionMask = 2147483647;
			files = (
			);
			runOnlyForDeploymentPostprocessing = 0;
		};
/* End PBXFrameworksBuildPhase section */

/* Begin PBXGroup section */
		17C0CC821F03D371009D07C8 = {
			isa = PBXGroup;
			children = (
				17C0CC8D1F03D371009D07C8 /* AppManager */,
				17C0CC8C1F03D371009D07C8 /* Products */,
			);
			sourceTree = "<group>";
		};
		17C0CC8C1F03D371009D07C8 /* Products */ = {
			isa = PBXGroup;
			children = (
				17C0CC8B1F03D371009D07C8 /* AppManager.app */,
			);
			name = Products;
			sourceTree = "<group>";
		};
		17C0CC8D1F03D371009D07C8 /* AppManager */ = {
			isa = PBXGroup;
			children = (
				17C0CCA21F03DB27009D07C8 /* AppManager.entitlements */,
				17C0CC8E1F03D371009D07C8 /* AppDelegate.swift */,
				17C0CC901F03D371009D07C8 /* ViewController.swift */,
				17C0CCA01F03D4ED009D07C8 /* LoginViewController.swift */,
				17C0CC921F03D371009D07C8 /* Main.storyboard */,
				17C0CC951F03D371009D07C8 /* Assets.xcassets */,
				17C0CC971F03D371009D07C8 /* LaunchScreen.storyboard */,
				17C0CC9A1F03D371009D07C8 /* Info.plist */,
			);
			path = AppManager;
			sourceTree = "<group>";
		};
/* End PBXGroup section */

/* Begin PBXNativeTarget section */
		17C0CC8A1F03D371009D07C8 /* AppManager */ = {
			isa = PBXNativeTarget;
			buildConfigurationList = 17C0CC9D1F03D371009D07C8 /* Build configuration list for PBXNativeTarget "AppManager" */;
			buildPhases = (
				17C0CC871F03D371009D07C8 /* Sources */,
				17C0CC881F03D371009D07C8 /* Frameworks */,
				17C0CC891F03D371009D07C8 /* Resources */,
			);
			buildRules = (
			);
			dependencies = (
			);
			name = AppManager;
			productName = AppManager;
			productReference = 17C0CC8B1F03D371009D07C8 /* AppManager.app */;
			productType = "com.apple.product-type.application";
		};
/* End PBXNativeTarget section */

/* Begin PBXProject section */
		17C0CC831F03D371009D07C8 /* Project object */ = {
			isa = PBXProject;
			attributes = {
				LastSwiftUpdateCheck = 0900;
				LastUpgradeCheck = 0900;
				ORGANIZATIONNAME = "Andy Pereira";
				TargetAttributes = {
					17C0CC8A1F03D371009D07C8 = {
						CreatedOnToolsVersion = 9.0;
						SystemCapabilities = {
							com.apple.SafariKeychain = {
								enabled = 0;
							};
						};
					};
				};
			};
			buildConfigurationList = 17C0CC861F03D371009D07C8 /* Build configuration list for PBXProject "AppManager" */;
			compatibilityVersion = "Xcode 8.0";
			developmentRegion = en;
			hasScannedForEncodings = 0;
			knownRegions = (
				en,
				Base,
			);
			mainGroup = 17C0CC821F03D371009D07C8;
			productRefGroup = 17C0CC8C1F03D371009D07C8 /* Products */;
			projectDirPath = "";
			projectRoot = "";
			targets = (
				17C0CC8A1F03D371009D07C8 /* AppManager */,
			);
		};
/* End PBXProject section */

/* Begin PBXResourcesBuildPhase section */
		17C0CC891F03D371009D07C8 /* Resources */ = {
			isa = PBXResourcesBuildPhase;
			buildActionMask = 2147483647;
			files = (
				17C0CC991F03D371009D07C8 /* LaunchScreen.storyboard in Resources */,
				17C0CC961F03D371009D07C8 /* Assets.xcassets in Resources */,
				17C0CC941F03D371009D07C8 /* Main.storyboard in Resources */,
			);
			runOnlyForDeploymentPostprocessing = 0;
		};
/* End PBXResourcesBuildPhase section */

/* Begin PBXSourcesBuildPhase section */
		17C0CC871F03D371009D07C8 /* Sources */ = {
			isa = PBXSourcesBuildPhase;
			buildActionMask = 2147483647;
			files = (
				17C0CCA11F03D4ED009D07C8 /* LoginViewController.swift in Sources */,
				17C0CC911F03D371009D07C8 /* ViewController.swift in Sources */,
				17C0CC8F1F03D371009D07C8 /* AppDelegate.swift in Sources */,
			);
			runOnlyForDeploymentPostprocessing = 0;
		};
/* End PBXSourcesBuildPhase section */

/* Begin PBXVariantGroup section */
		17C0CC921F03D371009D07C8 /* Main.storyboard */ = {
			isa = PBXVariantGroup;
			children = (
				17C0CC931F03D371009D07C8 /* Base */,
			);
			name = Main.storyboard;
			sourceTree = "<group>";
		};
		17C0CC971F03D371009D07C8 /* LaunchScreen.storyboard */ = {
			isa = PBXVariantGroup;
			children = (
				17C0CC981F03D371009D07C8 /* Base */,
			);
			name = LaunchScreen.storyboard;
			sourceTree = "<group>";
		};
/* End PBXVariantGroup section */

/* Begin XCBuildConfiguration section */
		17C0CC9B1F03D371009D07C8 /* Debug */ = {
			isa = XCBuildConfiguration;
			buildSettings = {
				ALWAYS_SEARCH_USER_PATHS = NO;
				CLANG_ANALYZER_NONNULL = YES;
				CLANG_ANALYZER_NUMBER_OBJECT_CONVERSION = YES_AGGRESSIVE;
				CLANG_CXX_LANGUAGE_STANDARD = "gnu++14";
				CLANG_CXX_LIBRARY = "libc++";
				CLANG_ENABLE_MODULES = YES;
				CLANG_ENABLE_OBJC_ARC = YES;
				CLANG_WARN_BLOCK_CAPTURE_AUTORELEASING = YES;
				CLANG_WARN_BOOL_CONVERSION = YES;
				CLANG_WARN_COMMA = YES;
				CLANG_WARN_CONSTANT_CONVERSION = YES;
				CLANG_WARN_DIRECT_OBJC_ISA_USAGE = YES_ERROR;
				CLANG_WARN_DOCUMENTATION_COMMENTS = YES;
				CLANG_WARN_EMPTY_BODY = YES;
				CLANG_WARN_ENUM_CONVERSION = YES;
				CLANG_WARN_INFINITE_RECURSION = YES;
				CLANG_WARN_INT_CONVERSION = YES;
				CLANG_WARN_NON_LITERAL_NULL_CONVERSION = YES;
				CLANG_WARN_OBJC_LITERAL_CONVERSION = YES;
				CLANG_WARN_OBJC_ROOT_CLASS = YES_ERROR;
				CLANG_WARN_RANGE_LOOP_ANALYSIS = YES;
				CLANG_WARN_STRICT_PROTOTYPES = YES;
				CLANG_WARN_SUSPICIOUS_MOVE = YES;
				CLANG_WARN_UNGUARDED_AVAILABILITY = YES_AGGRESSIVE;
				CLANG_WARN_UNREACHABLE_CODE = YES;
				CLANG_WARN__DUPLICATE_METHOD_MATCH = YES;
				CODE_SIGN_IDENTITY = "iPhone Developer";
				COPY_PHASE_STRIP = NO;
				DEBUG_INFORMATION_FORMAT = dwarf;
				ENABLE_STRICT_OBJC_MSGSEND = YES;
				ENABLE_TESTABILITY = YES;
				GCC_C_LANGUAGE_STANDARD = gnu11;
				GCC_DYNAMIC_NO_PIC = NO;
				GCC_NO_COMMON_BLOCKS = YES;
				GCC_OPTIMIZATION_LEVEL = 0;
				GCC_PREPROCESSOR_DEFINITIONS = (
					"DEBUG=1",
					"$(inherited)",
				);
				GCC_WARN_64_TO_32_BIT_CONVERSION = YES;
				GCC_WARN_ABOUT_RETURN_TYPE = YES_ERROR;
				GCC_WARN_UNDECLARED_SELECTOR = YES;
				GCC_WARN_UNINITIALIZED_AUTOS = YES_AGGRESSIVE;
				GCC_WARN_UNUSED_FUNCTION = YES;
				GCC_WARN_UNUSED_VARIABLE = YES;
				IPHONEOS_DEPLOYMENT_TARGET = 11.0;
				MTL_ENABLE_DEBUG_INFO = YES;
				ONLY_ACTIVE_ARCH = YES;
				SDKROOT = iphoneos;
				SWIFT_ACTIVE_COMPILATION_CONDITIONS = DEBUG;
				SWIFT_OPTIMIZATION_LEVEL = "-Onone";
			};
			name = Debug;
		};
		17C0CC9C1F03D371009D07C8 /* Release */ = {
			isa = XCBuildConfiguration;
			buildSettings = {
				ALWAYS_SEARCH_USER_PATHS = NO;
				CLANG_ANALYZER_NONNULL = YES;
				CLANG_ANALYZER_NUMBER_OBJECT_CONVERSION = YES_AGGRESSIVE;
				CLANG_CXX_LANGUAGE_STANDARD = "gnu++14";
				CLANG_CXX_LIBRARY = "libc++";
				CLANG_ENABLE_MODULES = YES;
				CLANG_ENABLE_OBJC_ARC = YES;
				CLANG_WARN_BLOCK_CAPTURE_AUTORELEASING = YES;
				CLANG_WARN_BOOL_CONVERSION = YES;
				CLANG_WARN_COMMA = YES;
				CLANG_WARN_CONSTANT_CONVERSION = YES;
				CLANG_WARN_DIRECT_OBJC_ISA_USAGE = YES_ERROR;
				CLANG_WARN_DOCUMENTATION_COMMENTS = YES;
				CLANG_WARN_EMPTY_BODY = YES;
				CLANG_WARN_ENUM_CONVERSION = YES;
				CLANG_WARN_INFINITE_RECURSION = YES;
				CLANG_WARN_INT_CONVERSION = YES;
				CLANG_WARN_NON_LITERAL_NULL_CONVERSION = YES;
				CLANG_WARN_OBJC_LITERAL_CONVERSION = YES;
				CLANG_WARN_OBJC_ROOT_CLASS = YES_ERROR;
				CLANG_WARN_RANGE_LOOP_ANALYSIS = YES;
				CLANG_WARN_STRICT_PROTOTYPES = YES;
				CLANG_WARN_SUSPICIOUS_MOVE = YES;
				CLANG_WARN_UNGUARDED_AVAILABILITY = YES_AGGRESSIVE;
				CLANG_WARN_UNREACHABLE_CODE = YES;
				CLANG_WARN__DUPLICATE_METHOD_MATCH = YES;
				CODE_SIGN_IDENTITY = "iPhone Developer";
				COPY_PHASE_STRIP = NO;
				DEBUG_INFORMATION_FORMAT = "dwarf-with-dsym";
				ENABLE_NS_ASSERTIONS = NO;
				ENABLE_STRICT_OBJC_MSGSEND = YES;
				GCC_C_LANGUAGE_STANDARD = gnu11;
				GCC_NO_COMMON_BLOCKS = YES;
				GCC_WARN_64_TO_32_BIT_CONVERSION = YES;
				GCC_WARN_ABOUT_RETURN_TYPE = YES_ERROR;
				GCC_WARN_UNDECLARED_SELECTOR = YES;
				GCC_WARN_UNINITIALIZED_AUTOS = YES_AGGRESSIVE;
				GCC_WARN_UNUSED_FUNCTION = YES;
				GCC_WARN_UNUSED_VARIABLE = YES;
				IPHONEOS_DEPLOYMENT_TARGET = 11.0;
				MTL_ENABLE_DEBUG_INFO = NO;
				SDKROOT = iphoneos;
				SWIFT_OPTIMIZATION_LEVEL = "-Owholemodule";
				VALIDATE_PRODUCT = YES;
			};
			name = Release;
		};
		17C0CC9E1F03D371009D07C8 /* Debug */ = {
			isa = XCBuildConfiguration;
			buildSettings = {
				ASSETCATALOG_COMPILER_APPICON_NAME = AppIcon;
				DEVELOPMENT_TEAM = KFCNEC27GU;
				INFOPLIST_FILE = AppManager/Info.plist;
				LD_RUNPATH_SEARCH_PATHS = "$(inherited) @executable_path/Frameworks";
				PRODUCT_BUNDLE_IDENTIFIER = com.razeware.AppManager;
				PRODUCT_NAME = "$(TARGET_NAME)";
				SWIFT_VERSION = 4.0;
				TARGETED_DEVICE_FAMILY = "1,2";
			};
			name = Debug;
		};
		17C0CC9F1F03D371009D07C8 /* Release */ = {
			isa = XCBuildConfiguration;
			buildSettings = {
				ASSETCATALOG_COMPILER_APPICON_NAME = AppIcon;
				DEVELOPMENT_TEAM = KFCNEC27GU;
				INFOPLIST_FILE = AppManager/Info.plist;
				LD_RUNPATH_SEARCH_PATHS = "$(inherited) @executable_path/Frameworks";
				PRODUCT_BUNDLE_IDENTIFIER = com.razeware.AppManager;
				PRODUCT_NAME = "$(TARGET_NAME)";
				SWIFT_VERSION = 4.0;
				TARGETED_DEVICE_FAMILY = "1,2";
			};
			name = Release;
		};
/* End XCBuildConfiguration section */

/* Begin XCConfigurationList section */
		17C0CC861F03D371009D07C8 /* Build configuration list for PBXProject "AppManager" */ = {
			isa = XCConfigurationList;
			buildConfigurations = (
				17C0CC9B1F03D371009D07C8 /* Debug */,
				17C0CC9C1F03D371009D07C8 /* Release */,
			);
			defaultConfigurationIsVisible = 0;
			defaultConfigurationName = Release;
		};
		17C0CC9D1F03D371009D07C8 /* Build configuration list for PBXNativeTarget "AppManager" */ = {
			isa = XCConfigurationList;
			buildConfigurations = (
				17C0CC9E1F03D371009D07C8 /* Debug */,
				17C0CC9F1F03D371009D07C8 /* Release */,
			);
			defaultConfigurationIsVisible = 0;
			defaultConfigurationName = Release;
		};
/* End XCConfigurationList section */
	};
	rootObject = 17C0CC831F03D371009D07C8 /* Project object */;
}
