// !$*UTF8*$!
{
	archiveVersion = 1;
	classes = {
	};
	objectVersion = 50;
	objects = {

/* Begin PBXBuildFile section */
		E226363925B48AE300E75E54 /* ReadMeApp.swift in Sources */ = {isa = PBXBuildFile; fileRef = E226363825B48AE300E75E54 /* ReadMeApp.swift */; };
		E226363B25B48AE300E75E54 /* ContentView.swift in Sources */ = {isa = PBXBuildFile; fileRef = E226363A25B48AE300E75E54 /* ContentView.swift */; };
		E226363D25B48AE500E75E54 /* Assets.xcassets in Resources */ = {isa = PBXBuildFile; fileRef = E226363C25B48AE500E75E54 /* Assets.xcassets */; };
		E226364025B48AE500E75E54 /* Preview Assets.xcassets in Resources */ = {isa = PBXBuildFile; fileRef = E226363F25B48AE500E75E54 /* Preview Assets.xcassets */; };
		E226364A25B4AE4B00E75E54 /* Book.swift in Sources */ = {isa = PBXBuildFile; fileRef = E226364925B4AE4B00E75E54 /* Book.swift */; };
		E226364F25B4AEC000E75E54 /* BookViews.swift in Sources */ = {isa = PBXBuildFile; fileRef = E226364E25B4AEC000E75E54 /* BookViews.swift */; };
		E264019125B5C9C60079F39B /* NewBookView.swift in Sources */ = {isa = PBXBuildFile; fileRef = E264019025B5C9C60079F39B /* NewBookView.swift */; };
		E264019425B5CAEF0079F39B /* ReviewAndImageStack.swift in Sources */ = {isa = PBXBuildFile; fileRef = E264019325B5CAEF0079F39B /* ReviewAndImageStack.swift */; };
		E265E58D25B55A6E00A291B8 /* Library.swift in Sources */ = {isa = PBXBuildFile; fileRef = E265E58C25B55A6E00A291B8 /* Library.swift */; };
		E265E5C125B5851400A291B8 /* DetailView.swift in Sources */ = {isa = PBXBuildFile; fileRef = E265E5C025B5851400A291B8 /* DetailView.swift */; };
		E265E5C525B593B200A291B8 /* PHPickerViewController.View.swift in Sources */ = {isa = PBXBuildFile; fileRef = E265E5C425B593B200A291B8 /* PHPickerViewController.View.swift */; };
/* End PBXBuildFile section */

/* Begin PBXFileReference section */
		E226363525B48AE300E75E54 /* ReadMe.app */ = {isa = PBXFileReference; explicitFileType = wrapper.application; includeInIndex = 0; path = ReadMe.app; sourceTree = BUILT_PRODUCTS_DIR; };
		E226363825B48AE300E75E54 /* ReadMeApp.swift */ = {isa = PBXFileReference; lastKnownFileType = sourcecode.swift; path = ReadMeApp.swift; sourceTree = "<group>"; };
		E226363A25B48AE300E75E54 /* ContentView.swift */ = {isa = PBXFileReference; lastKnownFileType = sourcecode.swift; path = ContentView.swift; sourceTree = "<group>"; };
		E226363C25B48AE500E75E54 /* Assets.xcassets */ = {isa = PBXFileReference; lastKnownFileType = folder.assetcatalog; path = Assets.xcassets; sourceTree = "<group>"; };
		E226363F25B48AE500E75E54 /* Preview Assets.xcassets */ = {isa = PBXFileReference; lastKnownFileType = folder.assetcatalog; path = "Preview Assets.xcassets"; sourceTree = "<group>"; };
		E226364125B48AE500E75E54 /* Info.plist */ = {isa = PBXFileReference; lastKnownFileType = text.plist.xml; path = Info.plist; sourceTree = "<group>"; };
		E226364925B4AE4B00E75E54 /* Book.swift */ = {isa = PBXFileReference; lastKnownFileType = sourcecode.swift; path = Book.swift; sourceTree = "<group>"; };
		E226364E25B4AEC000E75E54 /* BookViews.swift */ = {isa = PBXFileReference; lastKnownFileType = sourcecode.swift; path = BookViews.swift; sourceTree = "<group>"; };
		E264019025B5C9C60079F39B /* NewBookView.swift */ = {isa = PBXFileReference; lastKnownFileType = sourcecode.swift; path = NewBookView.swift; sourceTree = "<group>"; };
		E264019325B5CAEF0079F39B /* ReviewAndImageStack.swift */ = {isa = PBXFileReference; lastKnownFileType = sourcecode.swift; path = ReviewAndImageStack.swift; sourceTree = "<group>"; };
		E265E58C25B55A6E00A291B8 /* Library.swift */ = {isa = PBXFileReference; fileEncoding = 4; lastKnownFileType = sourcecode.swift; path = Library.swift; sourceTree = "<group>"; };
		E265E5C025B5851400A291B8 /* DetailView.swift */ = {isa = PBXFileReference; lastKnownFileType = sourcecode.swift; path = DetailView.swift; sourceTree = "<group>"; };
		E265E5C425B593B200A291B8 /* PHPickerViewController.View.swift */ = {isa = PBXFileReference; fileEncoding = 4; lastKnownFileType = sourcecode.swift; path = PHPickerViewController.View.swift; sourceTree = "<group>"; };
/* End PBXFileReference section */

/* Begin PBXFrameworksBuildPhase section */
		E226363225B48AE300E75E54 /* Frameworks */ = {
			isa = PBXFrameworksBuildPhase;
			buildActionMask = 2147483647;
			files = (
			);
			runOnlyForDeploymentPostprocessing = 0;
		};
/* End PBXFrameworksBuildPhase section */

/* Begin PBXGroup section */
		E226362C25B48AE200E75E54 = {
			isa = PBXGroup;
			children = (
				E226363725B48AE300E75E54 /* ReadMe */,
				E226363625B48AE300E75E54 /* Products */,
			);
			sourceTree = "<group>";
		};
		E226363625B48AE300E75E54 /* Products */ = {
			isa = PBXGroup;
			children = (
				E226363525B48AE300E75E54 /* ReadMe.app */,
			);
			name = Products;
			sourceTree = "<group>";
		};
		E226363725B48AE300E75E54 /* ReadMe */ = {
			isa = PBXGroup;
			children = (
				E226363825B48AE300E75E54 /* ReadMeApp.swift */,
				E226364925B4AE4B00E75E54 /* Book.swift */,
				E265E58C25B55A6E00A291B8 /* Library.swift */,
				E226364C25B4AEB200E75E54 /* Views */,
				E226363C25B48AE500E75E54 /* Assets.xcassets */,
				E226364125B48AE500E75E54 /* Info.plist */,
				E226363E25B48AE500E75E54 /* Preview Content */,
			);
			path = ReadMe;
			sourceTree = "<group>";
		};
		E226363E25B48AE500E75E54 /* Preview Content */ = {
			isa = PBXGroup;
			children = (
				E226363F25B48AE500E75E54 /* Preview Assets.xcassets */,
			);
			path = "Preview Content";
			sourceTree = "<group>";
		};
		E226364C25B4AEB200E75E54 /* Views */ = {
			isa = PBXGroup;
			children = (
				E226363A25B48AE300E75E54 /* ContentView.swift */,
				E226364E25B4AEC000E75E54 /* BookViews.swift */,
				E265E5C025B5851400A291B8 /* DetailView.swift */,
				E265E5C425B593B200A291B8 /* PHPickerViewController.View.swift */,
				E264019025B5C9C60079F39B /* NewBookView.swift */,
				E264019325B5CAEF0079F39B /* ReviewAndImageStack.swift */,
			);
			path = Views;
			sourceTree = "<group>";
		};
/* End PBXGroup section */

/* Begin PBXNativeTarget section */
		E226363425B48AE300E75E54 /* ReadMe */ = {
			isa = PBXNativeTarget;
			buildConfigurationList = E226364425B48AE500E75E54 /* Build configuration list for PBXNativeTarget "ReadMe" */;
			buildPhases = (
				E226363125B48AE300E75E54 /* Sources */,
				E226363225B48AE300E75E54 /* Frameworks */,
				E226363325B48AE300E75E54 /* Resources */,
			);
			buildRules = (
			);
			dependencies = (
			);
			name = ReadMe;
			productName = ReadMe;
			productReference = E226363525B48AE300E75E54 /* ReadMe.app */;
			productType = "com.apple.product-type.application";
		};
/* End PBXNativeTarget section */

/* Begin PBXProject section */
		E226362D25B48AE200E75E54 /* Project object */ = {
			isa = PBXProject;
			attributes = {
				LastSwiftUpdateCheck = 1230;
				LastUpgradeCheck = 1230;
				TargetAttributes = {
					E226363425B48AE300E75E54 = {
						CreatedOnToolsVersion = 12.3;
					};
				};
			};
			buildConfigurationList = E226363025B48AE200E75E54 /* Build configuration list for PBXProject "ReadMe" */;
			compatibilityVersion = "Xcode 9.3";
			developmentRegion = en;
			hasScannedForEncodings = 0;
			knownRegions = (
				en,
				Base,
			);
			mainGroup = E226362C25B48AE200E75E54;
			productRefGroup = E226363625B48AE300E75E54 /* Products */;
			projectDirPath = "";
			projectRoot = "";
			targets = (
				E226363425B48AE300E75E54 /* ReadMe */,
			);
		};
/* End PBXProject section */

/* Begin PBXResourcesBuildPhase section */
		E226363325B48AE300E75E54 /* Resources */ = {
			isa = PBXResourcesBuildPhase;
			buildActionMask = 2147483647;
			files = (
				E226364025B48AE500E75E54 /* Preview Assets.xcassets in Resources */,
				E226363D25B48AE500E75E54 /* Assets.xcassets in Resources */,
			);
			runOnlyForDeploymentPostprocessing = 0;
		};
/* End PBXResourcesBuildPhase section */

/* Begin PBXSourcesBuildPhase section */
		E226363125B48AE300E75E54 /* Sources */ = {
			isa = PBXSourcesBuildPhase;
			buildActionMask = 2147483647;
			files = (
				E226363B25B48AE300E75E54 /* ContentView.swift in Sources */,
				E265E5C125B5851400A291B8 /* DetailView.swift in Sources */,
				E226363925B48AE300E75E54 /* ReadMeApp.swift in Sources */,
				E265E58D25B55A6E00A291B8 /* Library.swift in Sources */,
				E264019125B5C9C60079F39B /* NewBookView.swift in Sources */,
				E265E5C525B593B200A291B8 /* PHPickerViewController.View.swift in Sources */,
				E226364A25B4AE4B00E75E54 /* Book.swift in Sources */,
				E264019425B5CAEF0079F39B /* ReviewAndImageStack.swift in Sources */,
				E226364F25B4AEC000E75E54 /* BookViews.swift in Sources */,
			);
			runOnlyForDeploymentPostprocessing = 0;
		};
/* End PBXSourcesBuildPhase section */

/* Begin XCBuildConfiguration section */
		E226364225B48AE500E75E54 /* Debug */ = {
			isa = XCBuildConfiguration;
			buildSettings = {
				ALWAYS_SEARCH_USER_PATHS = NO;
				CLANG_ANALYZER_NONNULL = YES;
				CLANG_ANALYZER_NUMBER_OBJECT_CONVERSION = YES_AGGRESSIVE;
				CLANG_CXX_LANGUAGE_STANDARD = "gnu++14";
				CLANG_CXX_LIBRARY = "libc++";
				CLANG_ENABLE_MODULES = YES;
				CLANG_ENABLE_OBJC_ARC = YES;
				CLANG_ENABLE_OBJC_WEAK = YES;
				CLANG_WARN_BLOCK_CAPTURE_AUTORELEASING = YES;
				CLANG_WARN_BOOL_CONVERSION = YES;
				CLANG_WARN_COMMA = YES;
				CLANG_WARN_CONSTANT_CONVERSION = YES;
				CLANG_WARN_DEPRECATED_OBJC_IMPLEMENTATIONS = YES;
				CLANG_WARN_DIRECT_OBJC_ISA_USAGE = YES_ERROR;
				CLANG_WARN_DOCUMENTATION_COMMENTS = YES;
				CLANG_WARN_EMPTY_BODY = YES;
				CLANG_WARN_ENUM_CONVERSION = YES;
				CLANG_WARN_INFINITE_RECURSION = YES;
				CLANG_WARN_INT_CONVERSION = YES;
				CLANG_WARN_NON_LITERAL_NULL_CONVERSION = YES;
				CLANG_WARN_OBJC_IMPLICIT_RETAIN_SELF = YES;
				CLANG_WARN_OBJC_LITERAL_CONVERSION = YES;
				CLANG_WARN_OBJC_ROOT_CLASS = YES_ERROR;
				CLANG_WARN_QUOTED_INCLUDE_IN_FRAMEWORK_HEADER = YES;
				CLANG_WARN_RANGE_LOOP_ANALYSIS = YES;
				CLANG_WARN_STRICT_PROTOTYPES = YES;
				CLANG_WARN_SUSPICIOUS_MOVE = YES;
				CLANG_WARN_UNGUARDED_AVAILABILITY = YES_AGGRESSIVE;
				CLANG_WARN_UNREACHABLE_CODE = YES;
				CLANG_WARN__DUPLICATE_METHOD_MATCH = YES;
				COPY_PHASE_STRIP = NO;
				DEBUG_INFORMATION_FORMAT = dwarf;
				ENABLE_STRICT_OBJC_MSGSEND = YES;
				ENABLE_TESTABILITY = YES;
				GCC_C_LANGUAGE_STANDARD = gnu11;
				GCC_DYNAMIC_NO_PIC = NO;
				GCC_NO_COMMON_BLOCKS = YES;
				GCC_OPTIMIZATION_LEVEL = 0;
				GCC_PREPROCESSOR_DEFINITIONS = (
					"DEBUG=1",
					"$(inherited)",
				);
				GCC_WARN_64_TO_32_BIT_CONVERSION = YES;
				GCC_WARN_ABOUT_RETURN_TYPE = YES_ERROR;
				GCC_WARN_UNDECLARED_SELECTOR = YES;
				GCC_WARN_UNINITIALIZED_AUTOS = YES_AGGRESSIVE;
				GCC_WARN_UNUSED_FUNCTION = YES;
				GCC_WARN_UNUSED_VARIABLE = YES;
				IPHONEOS_DEPLOYMENT_TARGET = 14.3;
				MTL_ENABLE_DEBUG_INFO = INCLUDE_SOURCE;
				MTL_FAST_MATH = YES;
				ONLY_ACTIVE_ARCH = YES;
				SDKROOT = iphoneos;
				SWIFT_ACTIVE_COMPILATION_CONDITIONS = DEBUG;
				SWIFT_OPTIMIZATION_LEVEL = "-Onone";
			};
			name = Debug;
		};
		E226364325B48AE500E75E54 /* Release */ = {
			isa = XCBuildConfiguration;
			buildSettings = {
				ALWAYS_SEARCH_USER_PATHS = NO;
				CLANG_ANALYZER_NONNULL = YES;
				CLANG_ANALYZER_NUMBER_OBJECT_CONVERSION = YES_AGGRESSIVE;
				CLANG_CXX_LANGUAGE_STANDARD = "gnu++14";
				CLANG_CXX_LIBRARY = "libc++";
				CLANG_ENABLE_MODULES = YES;
				CLANG_ENABLE_OBJC_ARC = YES;
				CLANG_ENABLE_OBJC_WEAK = YES;
				CLANG_WARN_BLOCK_CAPTURE_AUTORELEASING = YES;
				CLANG_WARN_BOOL_CONVERSION = YES;
				CLANG_WARN_COMMA = YES;
				CLANG_WARN_CONSTANT_CONVERSION = YES;
				CLANG_WARN_DEPRECATED_OBJC_IMPLEMENTATIONS = YES;
				CLANG_WARN_DIRECT_OBJC_ISA_USAGE = YES_ERROR;
				CLANG_WARN_DOCUMENTATION_COMMENTS = YES;
				CLANG_WARN_EMPTY_BODY = YES;
				CLANG_WARN_ENUM_CONVERSION = YES;
				CLANG_WARN_INFINITE_RECURSION = YES;
				CLANG_WARN_INT_CONVERSION = YES;
				CLANG_WARN_NON_LITERAL_NULL_CONVERSION = YES;
				CLANG_WARN_OBJC_IMPLICIT_RETAIN_SELF = YES;
				CLANG_WARN_OBJC_LITERAL_CONVERSION = YES;
				CLANG_WARN_OBJC_ROOT_CLASS = YES_ERROR;
				CLANG_WARN_QUOTED_INCLUDE_IN_FRAMEWORK_HEADER = YES;
				CLANG_WARN_RANGE_LOOP_ANALYSIS = YES;
				CLANG_WARN_STRICT_PROTOTYPES = YES;
				CLANG_WARN_SUSPICIOUS_MOVE = YES;
				CLANG_WARN_UNGUARDED_AVAILABILITY = YES_AGGRESSIVE;
				CLANG_WARN_UNREACHABLE_CODE = YES;
				CLANG_WARN__DUPLICATE_METHOD_MATCH = YES;
				COPY_PHASE_STRIP = NO;
				DEBUG_INFORMATION_FORMAT = "dwarf-with-dsym";
				ENABLE_NS_ASSERTIONS = NO;
				ENABLE_STRICT_OBJC_MSGSEND = YES;
				GCC_C_LANGUAGE_STANDARD = gnu11;
				GCC_NO_COMMON_BLOCKS = YES;
				GCC_WARN_64_TO_32_BIT_CONVERSION = YES;
				GCC_WARN_ABOUT_RETURN_TYPE = YES_ERROR;
				GCC_WARN_UNDECLARED_SELECTOR = YES;
				GCC_WARN_UNINITIALIZED_AUTOS = YES_AGGRESSIVE;
				GCC_WARN_UNUSED_FUNCTION = YES;
				GCC_WARN_UNUSED_VARIABLE = YES;
				IPHONEOS_DEPLOYMENT_TARGET = 14.3;
				MTL_ENABLE_DEBUG_INFO = NO;
				MTL_FAST_MATH = YES;
				SDKROOT = iphoneos;
				SWIFT_COMPILATION_MODE = wholemodule;
				SWIFT_OPTIMIZATION_LEVEL = "-O";
				VALIDATE_PRODUCT = YES;
			};
			name = Release;
		};
		E226364525B48AE500E75E54 /* Debug */ = {
			isa = XCBuildConfiguration;
			buildSettings = {
				ASSETCATALOG_COMPILER_APPICON_NAME = AppIcon;
				ASSETCATALOG_COMPILER_GLOBAL_ACCENT_COLOR_NAME = AccentColor;
				CODE_SIGN_STYLE = Automatic;
				DEVELOPMENT_ASSET_PATHS = "\"ReadMe/Preview Content\"";
				ENABLE_PREVIEWS = YES;
				INFOPLIST_FILE = ReadMe/Info.plist;
				IPHONEOS_DEPLOYMENT_TARGET = 14.0;
				LD_RUNPATH_SEARCH_PATHS = (
					"$(inherited)",
					"@executable_path/Frameworks",
				);
				PRODUCT_BUNDLE_IDENTIFIER = com.raywenderlich.ReadMe;
				PRODUCT_NAME = "$(TARGET_NAME)";
				SWIFT_VERSION = 5.0;
				TARGETED_DEVICE_FAMILY = "1,2";
			};
			name = Debug;
		};
		E226364625B48AE500E75E54 /* Release */ = {
			isa = XCBuildConfiguration;
			buildSettings = {
				ASSETCATALOG_COMPILER_APPICON_NAME = AppIcon;
				ASSETCATALOG_COMPILER_GLOBAL_ACCENT_COLOR_NAME = AccentColor;
				CODE_SIGN_STYLE = Automatic;
				DEVELOPMENT_ASSET_PATHS = "\"ReadMe/Preview Content\"";
				ENABLE_PREVIEWS = YES;
				INFOPLIST_FILE = ReadMe/Info.plist;
				IPHONEOS_DEPLOYMENT_TARGET = 14.0;
				LD_RUNPATH_SEARCH_PATHS = (
					"$(inherited)",
					"@executable_path/Frameworks",
				);
				PRODUCT_BUNDLE_IDENTIFIER = com.raywenderlich.ReadMe;
				PRODUCT_NAME = "$(TARGET_NAME)";
				SWIFT_VERSION = 5.0;
				TARGETED_DEVICE_FAMILY = "1,2";
			};
			name = Release;
		};
/* End XCBuildConfiguration section */

/* Begin XCConfigurationList section */
		E226363025B48AE200E75E54 /* Build configuration list for PBXProject "ReadMe" */ = {
			isa = XCConfigurationList;
			buildConfigurations = (
				E226364225B48AE500E75E54 /* Debug */,
				E226364325B48AE500E75E54 /* Release */,
			);
			defaultConfigurationIsVisible = 0;
			defaultConfigurationName = Release;
		};
		E226364425B48AE500E75E54 /* Build configuration list for PBXNativeTarget "ReadMe" */ = {
			isa = XCConfigurationList;
			buildConfigurations = (
				E226364525B48AE500E75E54 /* Debug */,
				E226364625B48AE500E75E54 /* Release */,
			);
			defaultConfigurationIsVisible = 0;
			defaultConfigurationName = Release;
		};
/* End XCConfigurationList section */
	};
	rootObject = E226362D25B48AE200E75E54 /* Project object */;
}
