// !$*UTF8*$!
{
	archiveVersion = 1;
	classes = {
	};
	objectVersion = 48;
	objects = {

/* Begin PBXBuildFile section */
		04862EE51FFA77D40044C865 /* AppDelegate.swift in Sources */ = {isa = PBXBuildFile; fileRef = 04862EE41FFA77D40044C865 /* AppDelegate.swift */; };
		04862EE71FFA77D40044C865 /* Models.scnassets in Resources */ = {isa = PBXBuildFile; fileRef = 04862EE61FFA77D40044C865 /* Models.scnassets */; };
		04862EE91FFA77D40044C865 /* ViewController.swift in Sources */ = {isa = PBXBuildFile; fileRef = 04862EE81FFA77D40044C865 /* ViewController.swift */; };
		04862EEC1FFA77D40044C865 /* Main.storyboard in Resources */ = {isa = PBXBuildFile; fileRef = 04862EEA1FFA77D40044C865 /* Main.storyboard */; };
		04862EEE1FFA77D40044C865 /* Assets.xcassets in Resources */ = {isa = PBXBuildFile; fileRef = 04862EED1FFA77D40044C865 /* Assets.xcassets */; };
		04862EF11FFA77D40044C865 /* LaunchScreen.storyboard in Resources */ = {isa = PBXBuildFile; fileRef = 04862EEF1FFA77D40044C865 /* LaunchScreen.storyboard */; };
/* End PBXBuildFile section */

/* Begin PBXFileReference section */
		04862EE11FFA77D30044C865 /* RWFaceCase.app */ = {isa = PBXFileReference; explicitFileType = wrapper.application; includeInIndex = 0; path = RWFaceCase.app; sourceTree = BUILT_PRODUCTS_DIR; };
		04862EE41FFA77D40044C865 /* AppDelegate.swift */ = {isa = PBXFileReference; lastKnownFileType = sourcecode.swift; path = AppDelegate.swift; sourceTree = "<group>"; };
		04862EE61FFA77D40044C865 /* Models.scnassets */ = {isa = PBXFileReference; lastKnownFileType = wrapper.scnassets; path = Models.scnassets; sourceTree = "<group>"; };
		04862EE81FFA77D40044C865 /* ViewController.swift */ = {isa = PBXFileReference; lastKnownFileType = sourcecode.swift; path = ViewController.swift; sourceTree = "<group>"; };
		04862EEB1FFA77D40044C865 /* Base */ = {isa = PBXFileReference; lastKnownFileType = file.storyboard; name = Base; path = Base.lproj/Main.storyboard; sourceTree = "<group>"; };
		04862EED1FFA77D40044C865 /* Assets.xcassets */ = {isa = PBXFileReference; lastKnownFileType = folder.assetcatalog; path = Assets.xcassets; sourceTree = "<group>"; };
		04862EF01FFA77D40044C865 /* Base */ = {isa = PBXFileReference; lastKnownFileType = file.storyboard; name = Base; path = Base.lproj/LaunchScreen.storyboard; sourceTree = "<group>"; };
		04862EF21FFA77D40044C865 /* Info.plist */ = {isa = PBXFileReference; lastKnownFileType = text.plist.xml; path = Info.plist; sourceTree = "<group>"; };
/* End PBXFileReference section */

/* Begin PBXFrameworksBuildPhase section */
		04862EDE1FFA77D30044C865 /* Frameworks */ = {
			isa = PBXFrameworksBuildPhase;
			buildActionMask = 2147483647;
			files = (
			);
			runOnlyForDeploymentPostprocessing = 0;
		};
/* End PBXFrameworksBuildPhase section */

/* Begin PBXGroup section */
		04862ED81FFA77D30044C865 = {
			isa = PBXGroup;
			children = (
				04862EE31FFA77D30044C865 /* RWFaceCase */,
				04862EE21FFA77D30044C865 /* Products */,
			);
			sourceTree = "<group>";
		};
		04862EE21FFA77D30044C865 /* Products */ = {
			isa = PBXGroup;
			children = (
				04862EE11FFA77D30044C865 /* RWFaceCase.app */,
			);
			name = Products;
			sourceTree = "<group>";
		};
		04862EE31FFA77D30044C865 /* RWFaceCase */ = {
			isa = PBXGroup;
			children = (
				04862EE41FFA77D40044C865 /* AppDelegate.swift */,
				04862EE81FFA77D40044C865 /* ViewController.swift */,
				04862EEA1FFA77D40044C865 /* Main.storyboard */,
				04862EE61FFA77D40044C865 /* Models.scnassets */,
				04862EED1FFA77D40044C865 /* Assets.xcassets */,
				04862EEF1FFA77D40044C865 /* LaunchScreen.storyboard */,
				04862EF21FFA77D40044C865 /* Info.plist */,
			);
			path = RWFaceCase;
			sourceTree = "<group>";
		};
/* End PBXGroup section */

/* Begin PBXNativeTarget section */
		04862EE01FFA77D30044C865 /* RWFaceCase */ = {
			isa = PBXNativeTarget;
			buildConfigurationList = 04862EF51FFA77D40044C865 /* Build configuration list for PBXNativeTarget "RWFaceCase" */;
			buildPhases = (
				04862EDD1FFA77D30044C865 /* Sources */,
				04862EDE1FFA77D30044C865 /* Frameworks */,
				04862EDF1FFA77D30044C865 /* Resources */,
			);
			buildRules = (
			);
			dependencies = (
			);
			name = RWFaceCase;
			productName = RWFaceCase;
			productReference = 04862EE11FFA77D30044C865 /* RWFaceCase.app */;
			productType = "com.apple.product-type.application";
		};
/* End PBXNativeTarget section */

/* Begin PBXProject section */
		04862ED91FFA77D30044C865 /* Project object */ = {
			isa = PBXProject;
			attributes = {
				LastSwiftUpdateCheck = 0920;
				LastUpgradeCheck = 0930;
				ORGANIZATIONNAME = Razeware;
				TargetAttributes = {
					04862EE01FFA77D30044C865 = {
						CreatedOnToolsVersion = 9.2;
						ProvisioningStyle = Automatic;
					};
				};
			};
			buildConfigurationList = 04862EDC1FFA77D30044C865 /* Build configuration list for PBXProject "RWFaceCase" */;
			compatibilityVersion = "Xcode 8.0";
			developmentRegion = en;
			hasScannedForEncodings = 0;
			knownRegions = (
				en,
				Base,
			);
			mainGroup = 04862ED81FFA77D30044C865;
			productRefGroup = 04862EE21FFA77D30044C865 /* Products */;
			projectDirPath = "";
			projectRoot = "";
			targets = (
				04862EE01FFA77D30044C865 /* RWFaceCase */,
			);
		};
/* End PBXProject section */

/* Begin PBXResourcesBuildPhase section */
		04862EDF1FFA77D30044C865 /* Resources */ = {
			isa = PBXResourcesBuildPhase;
			buildActionMask = 2147483647;
			files = (
				04862EE71FFA77D40044C865 /* Models.scnassets in Resources */,
				04862EF11FFA77D40044C865 /* LaunchScreen.storyboard in Resources */,
				04862EEE1FFA77D40044C865 /* Assets.xcassets in Resources */,
				04862EEC1FFA77D40044C865 /* Main.storyboard in Resources */,
			);
			runOnlyForDeploymentPostprocessing = 0;
		};
/* End PBXResourcesBuildPhase section */

/* Begin PBXSourcesBuildPhase section */
		04862EDD1FFA77D30044C865 /* Sources */ = {
			isa = PBXSourcesBuildPhase;
			buildActionMask = 2147483647;
			files = (
				04862EE91FFA77D40044C865 /* ViewController.swift in Sources */,
				04862EE51FFA77D40044C865 /* AppDelegate.swift in Sources */,
			);
			runOnlyForDeploymentPostprocessing = 0;
		};
/* End PBXSourcesBuildPhase section */

/* Begin PBXVariantGroup section */
		04862EEA1FFA77D40044C865 /* Main.storyboard */ = {
			isa = PBXVariantGroup;
			children = (
				04862EEB1FFA77D40044C865 /* Base */,
			);
			name = Main.storyboard;
			sourceTree = "<group>";
		};
		04862EEF1FFA77D40044C865 /* LaunchScreen.storyboard */ = {
			isa = PBXVariantGroup;
			children = (
				04862EF01FFA77D40044C865 /* Base */,
			);
			name = LaunchScreen.storyboard;
			sourceTree = "<group>";
		};
/* End PBXVariantGroup section */

/* Begin XCBuildConfiguration section */
		04862EF31FFA77D40044C865 /* Debug */ = {
			isa = XCBuildConfiguration;
			buildSettings = {
				ALWAYS_SEARCH_USER_PATHS = NO;
				CLANG_ANALYZER_NONNULL = YES;
				CLANG_ANALYZER_NUMBER_OBJECT_CONVERSION = YES_AGGRESSIVE;
				CLANG_CXX_LANGUAGE_STANDARD = "gnu++14";
				CLANG_CXX_LIBRARY = "libc++";
				CLANG_ENABLE_MODULES = YES;
				CLANG_ENABLE_OBJC_ARC = YES;
				CLANG_WARN_BLOCK_CAPTURE_AUTORELEASING = YES;
				CLANG_WARN_BOOL_CONVERSION = YES;
				CLANG_WARN_COMMA = YES;
				CLANG_WARN_CONSTANT_CONVERSION = YES;
				CLANG_WARN_DEPRECATED_OBJC_IMPLEMENTATIONS = YES;
				CLANG_WARN_DIRECT_OBJC_ISA_USAGE = YES_ERROR;
				CLANG_WARN_DOCUMENTATION_COMMENTS = YES;
				CLANG_WARN_EMPTY_BODY = YES;
				CLANG_WARN_ENUM_CONVERSION = YES;
				CLANG_WARN_INFINITE_RECURSION = YES;
				CLANG_WARN_INT_CONVERSION = YES;
				CLANG_WARN_NON_LITERAL_NULL_CONVERSION = YES;
				CLANG_WARN_OBJC_IMPLICIT_RETAIN_SELF = YES;
				CLANG_WARN_OBJC_LITERAL_CONVERSION = YES;
				CLANG_WARN_OBJC_ROOT_CLASS = YES_ERROR;
				CLANG_WARN_RANGE_LOOP_ANALYSIS = YES;
				CLANG_WARN_STRICT_PROTOTYPES = YES;
				CLANG_WARN_SUSPICIOUS_MOVE = YES;
				CLANG_WARN_UNGUARDED_AVAILABILITY = YES_AGGRESSIVE;
				CLANG_WARN_UNREACHABLE_CODE = YES;
				CLANG_WARN__DUPLICATE_METHOD_MATCH = YES;
				CODE_SIGN_IDENTITY = "iPhone Developer";
				COPY_PHASE_STRIP = NO;
				DEBUG_INFORMATION_FORMAT = dwarf;
				ENABLE_STRICT_OBJC_MSGSEND = YES;
				ENABLE_TESTABILITY = YES;
				GCC_C_LANGUAGE_STANDARD = gnu11;
				GCC_DYNAMIC_NO_PIC = NO;
				GCC_NO_COMMON_BLOCKS = YES;
				GCC_OPTIMIZATION_LEVEL = 0;
				GCC_PREPROCESSOR_DEFINITIONS = (
					"DEBUG=1",
					"$(inherited)",
				);
				GCC_WARN_64_TO_32_BIT_CONVERSION = YES;
				GCC_WARN_ABOUT_RETURN_TYPE = YES_ERROR;
				GCC_WARN_UNDECLARED_SELECTOR = YES;
				GCC_WARN_UNINITIALIZED_AUTOS = YES_AGGRESSIVE;
				GCC_WARN_UNUSED_FUNCTION = YES;
				GCC_WARN_UNUSED_VARIABLE = YES;
				IPHONEOS_DEPLOYMENT_TARGET = 11.2;
				MTL_ENABLE_DEBUG_INFO = YES;
				ONLY_ACTIVE_ARCH = YES;
				SDKROOT = iphoneos;
				SWIFT_ACTIVE_COMPILATION_CONDITIONS = DEBUG;
				SWIFT_OPTIMIZATION_LEVEL = "-Onone";
			};
			name = Debug;
		};
		04862EF41FFA77D40044C865 /* Release */ = {
			isa = XCBuildConfiguration;
			buildSettings = {
				ALWAYS_SEARCH_USER_PATHS = NO;
				CLANG_ANALYZER_NONNULL = YES;
				CLANG_ANALYZER_NUMBER_OBJECT_CONVERSION = YES_AGGRESSIVE;
				CLANG_CXX_LANGUAGE_STANDARD = "gnu++14";
				CLANG_CXX_LIBRARY = "libc++";
				CLANG_ENABLE_MODULES = YES;
				CLANG_ENABLE_OBJC_ARC = YES;
				CLANG_WARN_BLOCK_CAPTURE_AUTORELEASING = YES;
				CLANG_WARN_BOOL_CONVERSION = YES;
				CLANG_WARN_COMMA = YES;
				CLANG_WARN_CONSTANT_CONVERSION = YES;
				CLANG_WARN_DEPRECATED_OBJC_IMPLEMENTATIONS = YES;
				CLANG_WARN_DIRECT_OBJC_ISA_USAGE = YES_ERROR;
				CLANG_WARN_DOCUMENTATION_COMMENTS = YES;
				CLANG_WARN_EMPTY_BODY = YES;
				CLANG_WARN_ENUM_CONVERSION = YES;
				CLANG_WARN_INFINITE_RECURSION = YES;
				CLANG_WARN_INT_CONVERSION = YES;
				CLANG_WARN_NON_LITERAL_NULL_CONVERSION = YES;
				CLANG_WARN_OBJC_IMPLICIT_RETAIN_SELF = YES;
				CLANG_WARN_OBJC_LITERAL_CONVERSION = YES;
				CLANG_WARN_OBJC_ROOT_CLASS = YES_ERROR;
				CLANG_WARN_RANGE_LOOP_ANALYSIS = YES;
				CLANG_WARN_STRICT_PROTOTYPES = YES;
				CLANG_WARN_SUSPICIOUS_MOVE = YES;
				CLANG_WARN_UNGUARDED_AVAILABILITY = YES_AGGRESSIVE;
				CLANG_WARN_UNREACHABLE_CODE = YES;
				CLANG_WARN__DUPLICATE_METHOD_MATCH = YES;
				CODE_SIGN_IDENTITY = "iPhone Developer";
				COPY_PHASE_STRIP = NO;
				DEBUG_INFORMATION_FORMAT = "dwarf-with-dsym";
				ENABLE_NS_ASSERTIONS = NO;
				ENABLE_STRICT_OBJC_MSGSEND = YES;
				GCC_C_LANGUAGE_STANDARD = gnu11;
				GCC_NO_COMMON_BLOCKS = YES;
				GCC_WARN_64_TO_32_BIT_CONVERSION = YES;
				GCC_WARN_ABOUT_RETURN_TYPE = YES_ERROR;
				GCC_WARN_UNDECLARED_SELECTOR = YES;
				GCC_WARN_UNINITIALIZED_AUTOS = YES_AGGRESSIVE;
				GCC_WARN_UNUSED_FUNCTION = YES;
				GCC_WARN_UNUSED_VARIABLE = YES;
				IPHONEOS_DEPLOYMENT_TARGET = 11.2;
				MTL_ENABLE_DEBUG_INFO = NO;
				SDKROOT = iphoneos;
				SWIFT_OPTIMIZATION_LEVEL = "-Owholemodule";
				VALIDATE_PRODUCT = YES;
			};
			name = Release;
		};
		04862EF61FFA77D40044C865 /* Debug */ = {
			isa = XCBuildConfiguration;
			buildSettings = {
				ASSETCATALOG_COMPILER_APPICON_NAME = AppIcon;
				CODE_SIGN_STYLE = Automatic;
				DEVELOPMENT_TEAM = "";
				INFOPLIST_FILE = RWFaceCase/Info.plist;
				LD_RUNPATH_SEARCH_PATHS = "$(inherited) @executable_path/Frameworks";
				PRODUCT_BUNDLE_IDENTIFIER = com.raywenderlich.RWFaceCase;
				PRODUCT_NAME = "$(TARGET_NAME)";
				SWIFT_VERSION = 4.0;
				TARGETED_DEVICE_FAMILY = 1;
			};
			name = Debug;
		};
		04862EF71FFA77D40044C865 /* Release */ = {
			isa = XCBuildConfiguration;
			buildSettings = {
				ASSETCATALOG_COMPILER_APPICON_NAME = AppIcon;
				CODE_SIGN_STYLE = Automatic;
				DEVELOPMENT_TEAM = "";
				INFOPLIST_FILE = RWFaceCase/Info.plist;
				LD_RUNPATH_SEARCH_PATHS = "$(inherited) @executable_path/Frameworks";
				PRODUCT_BUNDLE_IDENTIFIER = com.raywenderlich.RWFaceCase;
				PRODUCT_NAME = "$(TARGET_NAME)";
				SWIFT_VERSION = 4.0;
				TARGETED_DEVICE_FAMILY = 1;
			};
			name = Release;
		};
/* End XCBuildConfiguration section */

/* Begin XCConfigurationList section */
		04862EDC1FFA77D30044C865 /* Build configuration list for PBXProject "RWFaceCase" */ = {
			isa = XCConfigurationList;
			buildConfigurations = (
				04862EF31FFA77D40044C865 /* Debug */,
				04862EF41FFA77D40044C865 /* Release */,
			);
			defaultConfigurationIsVisible = 0;
			defaultConfigurationName = Release;
		};
		04862EF51FFA77D40044C865 /* Build configuration list for PBXNativeTarget "RWFaceCase" */ = {
			isa = XCConfigurationList;
			buildConfigurations = (
				04862EF61FFA77D40044C865 /* Debug */,
				04862EF71FFA77D40044C865 /* Release */,
			);
			defaultConfigurationIsVisible = 0;
			defaultConfigurationName = Release;
		};
/* End XCConfigurationList section */
	};
	rootObject = 04862ED91FFA77D30044C865 /* Project object */;
}
